{
  "version": 4,
  "terraform_version": "1.14.4",
  "serial": 340,
  "lineage": "8f65ce93-397f-c573-9d5f-db6219ca6960",
  "outputs": {
    "cassandra_instance_internal_ips": {
      "value": [
        "10.0.0.10",
        "10.0.0.11",
        "10.0.0.12"
      ],
      "type": [
        "tuple",
        [
          "string",
          "string",
          "string"
        ]
      ]
    },
    "cassandra_instance_public_ips": {
      "value": [
        "34.88.174.120"
      ],
      "type": [
        "tuple",
        [
          "string"
        ]
      ]
    },
    "landing_bucket_name": {
      "value": "mysimbdp-landing-485818",
      "type": "string"
    },
    "nifi_public_ip": {
      "value": "34.88.120.214",
      "type": "string"
    },
    "nifi_service_account_email": {
      "value": "nifi-landing-sa@mybigdataproject-485818.iam.gserviceaccount.com",
      "type": "string"
    }
  },
  "resources": [
    {
      "mode": "managed",
      "type": "google_compute_address",
      "name": "nifi_public",
      "provider": "provider[\"registry.terraform.io/hashicorp/google\"]",
      "instances": [
        {
          "schema_version": 0,
          "attributes": {
            "address": "34.88.120.214",
            "address_type": "EXTERNAL",
            "creation_timestamp": "2026-01-30T09:19:50.043-08:00",
            "description": "",
            "effective_labels": {
              "goog-terraform-provisioned": "true"
            },
            "id": "projects/mybigdataproject-485818/regions/europe-north1/addresses/nifi-public",
            "ip_collection": "",
            "ip_version": "",
            "ipv6_endpoint_type": "",
            "label_fingerprint": "vezUS-42LLM=",
            "labels": {},
            "name": "nifi-public",
            "network": "",
            "network_tier": "PREMIUM",
            "prefix_length": 0,
            "project": "mybigdataproject-485818",
            "purpose": "",
            "region": "europe-north1",
            "self_link": "https://www.googleapis.com/compute/v1/projects/mybigdataproject-485818/regions/europe-north1/addresses/nifi-public",
            "subnetwork": "",
            "terraform_labels": {
              "goog-terraform-provisioned": "true"
            },
            "timeouts": null,
            "users": []
          },
          "sensitive_attributes": [],
          "identity_schema_version": 0,
          "private": "eyJlMmJmYjczMC1lY2FhLTExZTYtOGY4OC0zNDM2M2JjN2M0YzAiOnsiY3JlYXRlIjoxMjAwMDAwMDAwMDAwLCJkZWxldGUiOjEyMDAwMDAwMDAwMDAsInVwZGF0ZSI6MTIwMDAwMDAwMDAwMH19"
        }
      ]
    },
    {
      "mode": "managed",
      "type": "google_project_service",
      "name": "cloudresourcemanager_api",
      "provider": "provider[\"registry.terraform.io/hashicorp/google\"]",
      "instances": [
        {
          "schema_version": 0,
          "attributes": {
            "disable_dependent_services": null,
            "disable_on_destroy": false,
            "id": "mybigdataproject-485818/cloudresourcemanager.googleapis.com",
            "project": "mybigdataproject-485818",
            "service": "cloudresourcemanager.googleapis.com",
            "timeouts": null
          },
          "sensitive_attributes": [],
          "identity_schema_version": 0,
          "private": "eyJlMmJmYjczMC1lY2FhLTExZTYtOGY4OC0zNDM2M2JjN2M0YzAiOnsiY3JlYXRlIjoxMjAwMDAwMDAwMDAwLCJkZWxldGUiOjEyMDAwMDAwMDAwMDAsInJlYWQiOjYwMDAwMDAwMDAwMCwidXBkYXRlIjoxMjAwMDAwMDAwMDAwfX0="
        }
      ]
    },
    {
      "mode": "managed",
      "type": "google_project_service",
      "name": "iam_api",
      "provider": "provider[\"registry.terraform.io/hashicorp/google\"]",
      "instances": [
        {
          "schema_version": 0,
          "attributes": {
            "disable_dependent_services": null,
            "disable_on_destroy": false,
            "id": "mybigdataproject-485818/iam.googleapis.com",
            "project": "mybigdataproject-485818",
            "service": "iam.googleapis.com",
            "timeouts": null
          },
          "sensitive_attributes": [],
          "identity_schema_version": 0,
          "private": "eyJlMmJmYjczMC1lY2FhLTExZTYtOGY4OC0zNDM2M2JjN2M0YzAiOnsiY3JlYXRlIjoxMjAwMDAwMDAwMDAwLCJkZWxldGUiOjEyMDAwMDAwMDAwMDAsInJlYWQiOjYwMDAwMDAwMDAwMCwidXBkYXRlIjoxMjAwMDAwMDAwMDAwfX0="
        }
      ]
    },
    {
      "mode": "managed",
      "type": "google_service_account",
      "name": "nifi_sa",
      "provider": "provider[\"registry.terraform.io/hashicorp/google\"]",
      "instances": [
        {
          "schema_version": 0,
          "attributes": {
            "account_id": "nifi-landing-sa",
            "create_ignore_already_exists": null,
            "description": "",
            "disabled": false,
            "display_name": "NiFi access to landing prefixes",
            "email": "nifi-landing-sa@mybigdataproject-485818.iam.gserviceaccount.com",
            "id": "projects/mybigdataproject-485818/serviceAccounts/nifi-landing-sa@mybigdataproject-485818.iam.gserviceaccount.com",
            "member": "serviceAccount:nifi-landing-sa@mybigdataproject-485818.iam.gserviceaccount.com",
            "name": "projects/mybigdataproject-485818/serviceAccounts/nifi-landing-sa@mybigdataproject-485818.iam.gserviceaccount.com",
            "project": "mybigdataproject-485818",
            "timeouts": null,
            "unique_id": "102741045623345422793"
          },
          "sensitive_attributes": [],
          "identity_schema_version": 0,
          "private": "eyJlMmJmYjczMC1lY2FhLTExZTYtOGY4OC0zNDM2M2JjN2M0YzAiOnsiY3JlYXRlIjozMDAwMDAwMDAwMDB9fQ==",
          "dependencies": [
            "google_project_service.cloudresourcemanager_api",
            "google_project_service.iam_api"
          ]
        }
      ]
    },
    {
      "mode": "managed",
      "type": "google_storage_bucket",
      "name": "landing_bucket",
      "provider": "provider[\"registry.terraform.io/hashicorp/google\"]",
      "instances": [
        {
          "schema_version": 4,
          "attributes": {
            "autoclass": [],
            "cors": [],
            "custom_placement_config": [],
            "default_event_based_hold": false,
            "effective_labels": {
              "goog-terraform-provisioned": "true"
            },
            "enable_object_retention": false,
            "encryption": [],
            "force_destroy": true,
            "hierarchical_namespace": [
              {
                "enabled": false
              }
            ],
            "id": "mysimbdp-landing-485818",
            "ip_filter": [],
            "labels": {},
            "lifecycle_rule": [],
            "location": "EU",
            "logging": [],
            "name": "mysimbdp-landing-485818",
            "project": "mybigdataproject-485818",
            "project_number": 978363256084,
            "public_access_prevention": "inherited",
            "requester_pays": false,
            "retention_policy": [],
            "rpo": "DEFAULT",
            "self_link": "https://www.googleapis.com/storage/v1/b/mysimbdp-landing-485818",
            "soft_delete_policy": [
              {
                "effective_time": "2026-02-05T14:26:43.534Z",
                "retention_duration_seconds": 604800
              }
            ],
            "storage_class": "STANDARD",
            "terraform_labels": {
              "goog-terraform-provisioned": "true"
            },
            "time_created": "2026-02-05T14:26:43.534Z",
            "timeouts": null,
            "uniform_bucket_level_access": true,
            "updated": "2026-02-05T14:27:08.935Z",
            "url": "gs://mysimbdp-landing-485818",
            "versioning": [],
            "website": []
          },
          "sensitive_attributes": [],
          "identity_schema_version": 0,
          "private": "eyJlMmJmYjczMC1lY2FhLTExZTYtOGY4OC0zNDM2M2JjN2M0YzAiOnsiY3JlYXRlIjo2MDAwMDAwMDAwMDAsInJlYWQiOjI0MDAwMDAwMDAwMCwidXBkYXRlIjoyNDAwMDAwMDAwMDB9LCJzY2hlbWFfdmVyc2lvbiI6IjQifQ=="
        }
      ]
    },
    {
      "mode": "managed",
      "type": "google_storage_bucket_iam_member",
      "name": "admin_full_access",
      "provider": "provider[\"registry.terraform.io/hashicorp/google\"]",
      "instances": [
        {
          "schema_version": 0,
          "attributes": {
            "bucket": "b/mysimbdp-landing-485818",
            "condition": [],
            "etag": "CAQ=",
            "id": "b/mysimbdp-landing-485818/roles/storage.admin/user:sabeeh.waqas@aalto.fi",
            "member": "user:sabeeh.waqas@aalto.fi",
            "role": "roles/storage.admin",
            "timeouts": null
          },
          "sensitive_attributes": [],
          "identity_schema_version": 0,
          "private": "eyJlMmJmYjczMC1lY2FhLTExZTYtOGY4OC0zNDM2M2JjN2M0YzAiOnsiY3JlYXRlIjoxMjAwMDAwMDAwMDAwfX0=",
          "dependencies": [
            "google_storage_bucket.landing_bucket"
          ]
        }
      ]
    },
    {
      "mode": "managed",
      "type": "google_storage_bucket_iam_member",
      "name": "nifi_landing_prefix_access",
      "provider": "provider[\"registry.terraform.io/hashicorp/google\"]",
      "instances": [
        {
          "schema_version": 0,
          "attributes": {
            "bucket": "b/mysimbdp-landing-485818",
            "condition": [
              {
                "description": "Allow NiFi only objects under landing/",
                "expression": "resource.name.startsWith(\"projects/_/buckets/mysimbdp-landing-485818/objects/landing/\")",
                "title": "nifi-landing-prefixes"
              }
            ],
            "etag": "CAQ=",
            "id": "b/mysimbdp-landing-485818/roles/storage.objectAdmin/serviceAccount:nifi-landing-sa@mybigdataproject-485818.iam.gserviceaccount.com/nifi-landing-prefixes/Allow NiFi only objects under landing//resource.name.startsWith(\"projects/_/buckets/mysimbdp-landing-485818/objects/landing/\")",
            "member": "serviceAccount:nifi-landing-sa@mybigdataproject-485818.iam.gserviceaccount.com",
            "role": "roles/storage.objectAdmin",
            "timeouts": null
          },
          "sensitive_attributes": [],
          "identity_schema_version": 0,
          "private": "eyJlMmJmYjczMC1lY2FhLTExZTYtOGY4OC0zNDM2M2JjN2M0YzAiOnsiY3JlYXRlIjoxMjAwMDAwMDAwMDAwfX0=",
          "dependencies": [
            "google_project_service.cloudresourcemanager_api",
            "google_project_service.iam_api",
            "google_service_account.nifi_sa",
            "google_storage_bucket.landing_bucket"
          ]
        }
      ]
    },
    {
      "mode": "managed",
      "type": "google_storage_bucket_iam_member",
      "name": "nifi_list_objects",
      "provider": "provider[\"registry.terraform.io/hashicorp/google\"]",
      "instances": [
        {
          "schema_version": 0,
          "attributes": {
            "bucket": "b/mysimbdp-landing-485818",
            "condition": [],
            "etag": "CAQ=",
            "id": "b/mysimbdp-landing-485818/roles/storage.legacyBucketReader/serviceAccount:nifi-landing-sa@mybigdataproject-485818.iam.gserviceaccount.com",
            "member": "serviceAccount:nifi-landing-sa@mybigdataproject-485818.iam.gserviceaccount.com",
            "role": "roles/storage.legacyBucketReader",
            "timeouts": null
          },
          "sensitive_attributes": [],
          "identity_schema_version": 0,
          "private": "eyJlMmJmYjczMC1lY2FhLTExZTYtOGY4OC0zNDM2M2JjN2M0YzAiOnsiY3JlYXRlIjoxMjAwMDAwMDAwMDAwfX0=",
          "dependencies": [
            "google_project_service.cloudresourcemanager_api",
            "google_project_service.iam_api",
            "google_service_account.nifi_sa",
            "google_storage_bucket.landing_bucket"
          ]
        }
      ]
    },
    {
      "mode": "managed",
      "type": "google_storage_bucket_object",
      "name": "landing_dir",
      "provider": "provider[\"registry.terraform.io/hashicorp/google\"]",
      "instances": [
        {
          "schema_version": 0,
          "attributes": {
            "bucket": "mysimbdp-landing-485818",
            "cache_control": "",
            "content": " ",
            "content_disposition": "",
            "content_encoding": "",
            "content_language": "",
            "content_type": "text/plain; charset=utf-8",
            "contexts": [],
            "crc32c": "csDdjw==",
            "customer_encryption": [],
            "deletion_policy": null,
            "detect_md5hash": "chXunH2dwinSkhpA6JnsXw==",
            "event_based_hold": false,
            "force_empty_content_type": null,
            "generation": 1770301605302507,
            "id": "mysimbdp-landing-485818-landing/",
            "kms_key_name": "",
            "md5hash": "chXunH2dwinSkhpA6JnsXw==",
            "md5hexhash": "7215ee9c7d9dc229d2921a40e899ec5f",
            "media_link": "https://storage.googleapis.com/download/storage/v1/b/mysimbdp-landing-485818/o/landing%2F?generation=1770301605302507\u0026alt=media",
            "metadata": {},
            "name": "landing/",
            "output_name": "landing/",
            "retention": [],
            "self_link": "https://www.googleapis.com/storage/v1/b/mysimbdp-landing-485818/o/landing%2F",
            "source": null,
            "source_md5hash": "",
            "storage_class": "STANDARD",
            "temporary_hold": false,
            "timeouts": null
          },
          "sensitive_attributes": [
            [
              {
                "type": "get_attr",
                "value": "content"
              }
            ]
          ],
          "identity_schema_version": 0,
          "private": "eyJlMmJmYjczMC1lY2FhLTExZTYtOGY4OC0zNDM2M2JjN2M0YzAiOnsiY3JlYXRlIjoyNDAwMDAwMDAwMDAsImRlbGV0ZSI6MjQwMDAwMDAwMDAwLCJ1cGRhdGUiOjI0MDAwMDAwMDAwMH19",
          "dependencies": [
            "google_storage_bucket.landing_bucket"
          ]
        }
      ]
    },
    {
      "mode": "managed",
      "type": "google_storage_bucket_object",
      "name": "landing_failed_dir",
      "provider": "provider[\"registry.terraform.io/hashicorp/google\"]",
      "instances": [
        {
          "schema_version": 0,
          "attributes": {
            "bucket": "mysimbdp-landing-485818",
            "cache_control": "",
            "content": " ",
            "content_disposition": "",
            "content_encoding": "",
            "content_language": "",
            "content_type": "text/plain; charset=utf-8",
            "contexts": [],
            "crc32c": "csDdjw==",
            "customer_encryption": [],
            "deletion_policy": null,
            "detect_md5hash": "chXunH2dwinSkhpA6JnsXw==",
            "event_based_hold": false,
            "force_empty_content_type": null,
            "generation": 1770301605301860,
            "id": "mysimbdp-landing-485818-landing/failed/",
            "kms_key_name": "",
            "md5hash": "chXunH2dwinSkhpA6JnsXw==",
            "md5hexhash": "7215ee9c7d9dc229d2921a40e899ec5f",
            "media_link": "https://storage.googleapis.com/download/storage/v1/b/mysimbdp-landing-485818/o/landing%2Ffailed%2F?generation=1770301605301860\u0026alt=media",
            "metadata": {},
            "name": "landing/failed/",
            "output_name": "landing/failed/",
            "retention": [],
            "self_link": "https://www.googleapis.com/storage/v1/b/mysimbdp-landing-485818/o/landing%2Ffailed%2F",
            "source": null,
            "source_md5hash": "",
            "storage_class": "STANDARD",
            "temporary_hold": false,
            "timeouts": null
          },
          "sensitive_attributes": [
            [
              {
                "type": "get_attr",
                "value": "content"
              }
            ]
          ],
          "identity_schema_version": 0,
          "private": "eyJlMmJmYjczMC1lY2FhLTExZTYtOGY4OC0zNDM2M2JjN2M0YzAiOnsiY3JlYXRlIjoyNDAwMDAwMDAwMDAsImRlbGV0ZSI6MjQwMDAwMDAwMDAwLCJ1cGRhdGUiOjI0MDAwMDAwMDAwMH19",
          "dependencies": [
            "google_storage_bucket.landing_bucket"
          ]
        }
      ]
    },
    {
      "mode": "managed",
      "type": "google_storage_bucket_object",
      "name": "landing_processed_dir",
      "provider": "provider[\"registry.terraform.io/hashicorp/google\"]",
      "instances": [
        {
          "schema_version": 0,
          "attributes": {
            "bucket": "mysimbdp-landing-485818",
            "cache_control": "",
            "content": " ",
            "content_disposition": "",
            "content_encoding": "",
            "content_language": "",
            "content_type": "text/plain; charset=utf-8",
            "contexts": [],
            "crc32c": "csDdjw==",
            "customer_encryption": [],
            "deletion_policy": null,
            "detect_md5hash": "chXunH2dwinSkhpA6JnsXw==",
            "event_based_hold": false,
            "force_empty_content_type": null,
            "generation": 1770301605297978,
            "id": "mysimbdp-landing-485818-landing/processed/",
            "kms_key_name": "",
            "md5hash": "chXunH2dwinSkhpA6JnsXw==",
            "md5hexhash": "7215ee9c7d9dc229d2921a40e899ec5f",
            "media_link": "https://storage.googleapis.com/download/storage/v1/b/mysimbdp-landing-485818/o/landing%2Fprocessed%2F?generation=1770301605297978\u0026alt=media",
            "metadata": {},
            "name": "landing/processed/",
            "output_name": "landing/processed/",
            "retention": [],
            "self_link": "https://www.googleapis.com/storage/v1/b/mysimbdp-landing-485818/o/landing%2Fprocessed%2F",
            "source": null,
            "source_md5hash": "",
            "storage_class": "STANDARD",
            "temporary_hold": false,
            "timeouts": null
          },
          "sensitive_attributes": [
            [
              {
                "type": "get_attr",
                "value": "content"
              }
            ]
          ],
          "identity_schema_version": 0,
          "private": "eyJlMmJmYjczMC1lY2FhLTExZTYtOGY4OC0zNDM2M2JjN2M0YzAiOnsiY3JlYXRlIjoyNDAwMDAwMDAwMDAsImRlbGV0ZSI6MjQwMDAwMDAwMDAwLCJ1cGRhdGUiOjI0MDAwMDAwMDAwMH19",
          "dependencies": [
            "google_storage_bucket.landing_bucket"
          ]
        }
      ]
    },
    {
      "mode": "managed",
      "type": "google_storage_bucket_object",
      "name": "landing_raw_dir",
      "provider": "provider[\"registry.terraform.io/hashicorp/google\"]",
      "instances": [
        {
          "schema_version": 0,
          "attributes": {
            "bucket": "mysimbdp-landing-485818",
            "cache_control": "",
            "content": " ",
            "content_disposition": "",
            "content_encoding": "",
            "content_language": "",
            "content_type": "text/plain; charset=utf-8",
            "contexts": [],
            "crc32c": "csDdjw==",
            "customer_encryption": [],
            "deletion_policy": null,
            "detect_md5hash": "chXunH2dwinSkhpA6JnsXw==",
            "event_based_hold": false,
            "force_empty_content_type": null,
            "generation": 1770301605209237,
            "id": "mysimbdp-landing-485818-landing/raw/",
            "kms_key_name": "",
            "md5hash": "chXunH2dwinSkhpA6JnsXw==",
            "md5hexhash": "7215ee9c7d9dc229d2921a40e899ec5f",
            "media_link": "https://storage.googleapis.com/download/storage/v1/b/mysimbdp-landing-485818/o/landing%2Fraw%2F?generation=1770301605209237\u0026alt=media",
            "metadata": {},
            "name": "landing/raw/",
            "output_name": "landing/raw/",
            "retention": [],
            "self_link": "https://www.googleapis.com/storage/v1/b/mysimbdp-landing-485818/o/landing%2Fraw%2F",
            "source": null,
            "source_md5hash": "",
            "storage_class": "STANDARD",
            "temporary_hold": false,
            "timeouts": null
          },
          "sensitive_attributes": [
            [
              {
                "type": "get_attr",
                "value": "content"
              }
            ]
          ],
          "identity_schema_version": 0,
          "private": "eyJlMmJmYjczMC1lY2FhLTExZTYtOGY4OC0zNDM2M2JjN2M0YzAiOnsiY3JlYXRlIjoyNDAwMDAwMDAwMDAsImRlbGV0ZSI6MjQwMDAwMDAwMDAwLCJ1cGRhdGUiOjI0MDAwMDAwMDAwMH19",
          "dependencies": [
            "google_storage_bucket.landing_bucket"
          ]
        }
      ]
    }
  ],
  "check_results": null
}
