{
  "version": 4,
  "terraform_version": "1.14.4",
  "serial": 356,
  "lineage": "8f65ce93-397f-c573-9d5f-db6219ca6960",
  "outputs": {
    "cassandra_instance_internal_ips": {
      "value": [
        "10.0.0.10",
        "10.0.0.11",
        "10.0.0.12"
      ],
      "type": [
        "tuple",
        [
          "string",
          "string",
          "string"
        ]
      ]
    },
    "cassandra_instance_public_ips": {
      "value": [
        "34.88.167.211",
        "34.88.93.8",
        "34.88.126.103"
      ],
      "type": [
        "tuple",
        [
          "string",
          "string",
          "string"
        ]
      ]
    },
    "landing_bucket_name": {
      "value": "mysimbdp-landing-485818",
      "type": "string"
    },
    "nifi_public_ip": {
      "value": "34.88.120.214",
      "type": "string"
    },
    "nifi_service_account_email": {
      "value": "nifi-landing-sa@mybigdataproject-485818.iam.gserviceaccount.com",
      "type": "string"
    }
  },
  "resources": [
    {
      "mode": "managed",
      "type": "google_compute_address",
      "name": "cassandra_internal",
      "provider": "provider[\"registry.terraform.io/hashicorp/google\"]",
      "instances": [
        {
          "index_key": 0,
          "schema_version": 0,
          "attributes": {
            "address": "10.0.0.10",
            "address_type": "INTERNAL",
            "creation_timestamp": "2026-02-05T06:34:59.151-08:00",
            "description": "",
            "effective_labels": {
              "goog-terraform-provisioned": "true"
            },
            "id": "projects/mybigdataproject-485818/regions/europe-north1/addresses/cassandra-internal-1",
            "ip_collection": "",
            "ip_version": "",
            "ipv6_endpoint_type": "",
            "label_fingerprint": "vezUS-42LLM=",
            "labels": null,
            "name": "cassandra-internal-1",
            "network": "",
            "network_tier": "PREMIUM",
            "prefix_length": 0,
            "project": "mybigdataproject-485818",
            "purpose": "GCE_ENDPOINT",
            "region": "europe-north1",
            "self_link": "https://www.googleapis.com/compute/v1/projects/mybigdataproject-485818/regions/europe-north1/addresses/cassandra-internal-1",
            "subnetwork": "https://www.googleapis.com/compute/v1/projects/mybigdataproject-485818/regions/europe-north1/subnetworks/cassandra-subnetwork",
            "terraform_labels": {
              "goog-terraform-provisioned": "true"
            },
            "timeouts": null,
            "users": []
          },
          "sensitive_attributes": [],
          "identity_schema_version": 0,
          "private": "eyJlMmJmYjczMC1lY2FhLTExZTYtOGY4OC0zNDM2M2JjN2M0YzAiOnsiY3JlYXRlIjoxMjAwMDAwMDAwMDAwLCJkZWxldGUiOjEyMDAwMDAwMDAwMDAsInVwZGF0ZSI6MTIwMDAwMDAwMDAwMH19",
          "dependencies": [
            "google_compute_network.default",
            "google_compute_subnetwork.default"
          ]
        },
        {
          "index_key": 1,
          "schema_version": 0,
          "attributes": {
            "address": "10.0.0.11",
            "address_type": "INTERNAL",
            "creation_timestamp": "2026-02-05T06:34:59.220-08:00",
            "description": "",
            "effective_labels": {
              "goog-terraform-provisioned": "true"
            },
            "id": "projects/mybigdataproject-485818/regions/europe-north1/addresses/cassandra-internal-2",
            "ip_collection": "",
            "ip_version": "",
            "ipv6_endpoint_type": "",
            "label_fingerprint": "vezUS-42LLM=",
            "labels": null,
            "name": "cassandra-internal-2",
            "network": "",
            "network_tier": "PREMIUM",
            "prefix_length": 0,
            "project": "mybigdataproject-485818",
            "purpose": "GCE_ENDPOINT",
            "region": "europe-north1",
            "self_link": "https://www.googleapis.com/compute/v1/projects/mybigdataproject-485818/regions/europe-north1/addresses/cassandra-internal-2",
            "subnetwork": "https://www.googleapis.com/compute/v1/projects/mybigdataproject-485818/regions/europe-north1/subnetworks/cassandra-subnetwork",
            "terraform_labels": {
              "goog-terraform-provisioned": "true"
            },
            "timeouts": null,
            "users": []
          },
          "sensitive_attributes": [],
          "identity_schema_version": 0,
          "private": "eyJlMmJmYjczMC1lY2FhLTExZTYtOGY4OC0zNDM2M2JjN2M0YzAiOnsiY3JlYXRlIjoxMjAwMDAwMDAwMDAwLCJkZWxldGUiOjEyMDAwMDAwMDAwMDAsInVwZGF0ZSI6MTIwMDAwMDAwMDAwMH19",
          "dependencies": [
            "google_compute_network.default",
            "google_compute_subnetwork.default"
          ]
        },
        {
          "index_key": 2,
          "schema_version": 0,
          "attributes": {
            "address": "10.0.0.12",
            "address_type": "INTERNAL",
            "creation_timestamp": "2026-02-05T06:34:59.209-08:00",
            "description": "",
            "effective_labels": {
              "goog-terraform-provisioned": "true"
            },
            "id": "projects/mybigdataproject-485818/regions/europe-north1/addresses/cassandra-internal-3",
            "ip_collection": "",
            "ip_version": "",
            "ipv6_endpoint_type": "",
            "label_fingerprint": "vezUS-42LLM=",
            "labels": null,
            "name": "cassandra-internal-3",
            "network": "",
            "network_tier": "PREMIUM",
            "prefix_length": 0,
            "project": "mybigdataproject-485818",
            "purpose": "GCE_ENDPOINT",
            "region": "europe-north1",
            "self_link": "https://www.googleapis.com/compute/v1/projects/mybigdataproject-485818/regions/europe-north1/addresses/cassandra-internal-3",
            "subnetwork": "https://www.googleapis.com/compute/v1/projects/mybigdataproject-485818/regions/europe-north1/subnetworks/cassandra-subnetwork",
            "terraform_labels": {
              "goog-terraform-provisioned": "true"
            },
            "timeouts": null,
            "users": []
          },
          "sensitive_attributes": [],
          "identity_schema_version": 0,
          "private": "eyJlMmJmYjczMC1lY2FhLTExZTYtOGY4OC0zNDM2M2JjN2M0YzAiOnsiY3JlYXRlIjoxMjAwMDAwMDAwMDAwLCJkZWxldGUiOjEyMDAwMDAwMDAwMDAsInVwZGF0ZSI6MTIwMDAwMDAwMDAwMH19",
          "dependencies": [
            "google_compute_network.default",
            "google_compute_subnetwork.default"
          ]
        }
      ]
    },
    {
      "mode": "managed",
      "type": "google_compute_address",
      "name": "nifi_internal",
      "provider": "provider[\"registry.terraform.io/hashicorp/google\"]",
      "instances": [
        {
          "schema_version": 0,
          "attributes": {
            "address": "10.0.0.50",
            "address_type": "INTERNAL",
            "creation_timestamp": "2026-02-05T06:34:59.211-08:00",
            "description": "",
            "effective_labels": {
              "goog-terraform-provisioned": "true"
            },
            "id": "projects/mybigdataproject-485818/regions/europe-north1/addresses/nifi-internal",
            "ip_collection": "",
            "ip_version": "",
            "ipv6_endpoint_type": "",
            "label_fingerprint": "vezUS-42LLM=",
            "labels": null,
            "name": "nifi-internal",
            "network": "",
            "network_tier": "PREMIUM",
            "prefix_length": 0,
            "project": "mybigdataproject-485818",
            "purpose": "GCE_ENDPOINT",
            "region": "europe-north1",
            "self_link": "https://www.googleapis.com/compute/v1/projects/mybigdataproject-485818/regions/europe-north1/addresses/nifi-internal",
            "subnetwork": "https://www.googleapis.com/compute/v1/projects/mybigdataproject-485818/regions/europe-north1/subnetworks/cassandra-subnetwork",
            "terraform_labels": {
              "goog-terraform-provisioned": "true"
            },
            "timeouts": null,
            "users": []
          },
          "sensitive_attributes": [],
          "identity_schema_version": 0,
          "private": "eyJlMmJmYjczMC1lY2FhLTExZTYtOGY4OC0zNDM2M2JjN2M0YzAiOnsiY3JlYXRlIjoxMjAwMDAwMDAwMDAwLCJkZWxldGUiOjEyMDAwMDAwMDAwMDAsInVwZGF0ZSI6MTIwMDAwMDAwMDAwMH19",
          "dependencies": [
            "google_compute_network.default",
            "google_compute_subnetwork.default"
          ]
        }
      ]
    },
    {
      "mode": "managed",
      "type": "google_compute_address",
      "name": "nifi_public",
      "provider": "provider[\"registry.terraform.io/hashicorp/google\"]",
      "instances": [
        {
          "schema_version": 0,
          "attributes": {
            "address": "34.88.120.214",
            "address_type": "EXTERNAL",
            "creation_timestamp": "2026-01-30T09:19:50.043-08:00",
            "description": "",
            "effective_labels": {
              "goog-terraform-provisioned": "true"
            },
            "id": "projects/mybigdataproject-485818/regions/europe-north1/addresses/nifi-public",
            "ip_collection": "",
            "ip_version": "",
            "ipv6_endpoint_type": "",
            "label_fingerprint": "vezUS-42LLM=",
            "labels": {},
            "name": "nifi-public",
            "network": "",
            "network_tier": "PREMIUM",
            "prefix_length": 0,
            "project": "mybigdataproject-485818",
            "purpose": "",
            "region": "europe-north1",
            "self_link": "https://www.googleapis.com/compute/v1/projects/mybigdataproject-485818/regions/europe-north1/addresses/nifi-public",
            "subnetwork": "",
            "terraform_labels": {
              "goog-terraform-provisioned": "true"
            },
            "timeouts": null,
            "users": []
          },
          "sensitive_attributes": [],
          "identity_schema_version": 0,
          "private": "eyJlMmJmYjczMC1lY2FhLTExZTYtOGY4OC0zNDM2M2JjN2M0YzAiOnsiY3JlYXRlIjoxMjAwMDAwMDAwMDAwLCJkZWxldGUiOjEyMDAwMDAwMDAwMDAsInVwZGF0ZSI6MTIwMDAwMDAwMDAwMH19"
        }
      ]
    },
    {
      "mode": "managed",
      "type": "google_compute_firewall",
      "name": "allow_cassandra_internode",
      "provider": "provider[\"registry.terraform.io/hashicorp/google\"]",
      "instances": [
        {
          "schema_version": 1,
          "attributes": {
            "allow": [
              {
                "ports": [
                  "7000",
                  "7001",
                  "7199",
                  "9160"
                ],
                "protocol": "tcp"
              }
            ],
            "creation_timestamp": "2026-02-05T06:34:37.540-08:00",
            "deny": [],
            "description": "",
            "destination_ranges": [],
            "direction": "INGRESS",
            "disabled": false,
            "enable_logging": null,
            "id": "projects/mybigdataproject-485818/global/firewalls/allow-cassandra-internode",
            "log_config": [],
            "name": "allow-cassandra-internode",
            "network": "https://www.googleapis.com/compute/v1/projects/mybigdataproject-485818/global/networks/cassandra-network-unique",
            "params": [],
            "priority": 1000,
            "project": "mybigdataproject-485818",
            "self_link": "https://www.googleapis.com/compute/v1/projects/mybigdataproject-485818/global/firewalls/allow-cassandra-internode",
            "source_ranges": [
              "10.0.0.0/24"
            ],
            "source_service_accounts": null,
            "source_tags": null,
            "target_service_accounts": null,
            "target_tags": [
              "cassandra-node"
            ],
            "timeouts": null
          },
          "sensitive_attributes": [],
          "identity_schema_version": 0,
          "private": "eyJlMmJmYjczMC1lY2FhLTExZTYtOGY4OC0zNDM2M2JjN2M0YzAiOnsiY3JlYXRlIjoxMjAwMDAwMDAwMDAwLCJkZWxldGUiOjEyMDAwMDAwMDAwMDAsInVwZGF0ZSI6MTIwMDAwMDAwMDAwMH0sInNjaGVtYV92ZXJzaW9uIjoiMSJ9",
          "dependencies": [
            "google_compute_network.default"
          ]
        }
      ]
    },
    {
      "mode": "managed",
      "type": "google_compute_firewall",
      "name": "allow_cql_from_nifi",
      "provider": "provider[\"registry.terraform.io/hashicorp/google\"]",
      "instances": [
        {
          "schema_version": 1,
          "attributes": {
            "allow": [
              {
                "ports": [
                  "9042"
                ],
                "protocol": "tcp"
              }
            ],
            "creation_timestamp": "2026-02-05T06:34:37.737-08:00",
            "deny": [],
            "description": "",
            "destination_ranges": [],
            "direction": "INGRESS",
            "disabled": false,
            "enable_logging": null,
            "id": "projects/mybigdataproject-485818/global/firewalls/allow-cql-from-nifi",
            "log_config": [],
            "name": "allow-cql-from-nifi",
            "network": "https://www.googleapis.com/compute/v1/projects/mybigdataproject-485818/global/networks/cassandra-network-unique",
            "params": [],
            "priority": 1000,
            "project": "mybigdataproject-485818",
            "self_link": "https://www.googleapis.com/compute/v1/projects/mybigdataproject-485818/global/firewalls/allow-cql-from-nifi",
            "source_ranges": [
              "0.0.0.0/0"
            ],
            "source_service_accounts": null,
            "source_tags": [
              "nifi-node"
            ],
            "target_service_accounts": null,
            "target_tags": [
              "cassandra-node"
            ],
            "timeouts": null
          },
          "sensitive_attributes": [],
          "identity_schema_version": 0,
          "private": "eyJlMmJmYjczMC1lY2FhLTExZTYtOGY4OC0zNDM2M2JjN2M0YzAiOnsiY3JlYXRlIjoxMjAwMDAwMDAwMDAwLCJkZWxldGUiOjEyMDAwMDAwMDAwMDAsInVwZGF0ZSI6MTIwMDAwMDAwMDAwMH0sInNjaGVtYV92ZXJzaW9uIjoiMSJ9",
          "dependencies": [
            "google_compute_network.default"
          ]
        }
      ]
    },
    {
      "mode": "managed",
      "type": "google_compute_firewall",
      "name": "allow_nifi_web",
      "provider": "provider[\"registry.terraform.io/hashicorp/google\"]",
      "instances": [
        {
          "schema_version": 1,
          "attributes": {
            "allow": [
              {
                "ports": [
                  "8080",
                  "8443"
                ],
                "protocol": "tcp"
              }
            ],
            "creation_timestamp": "2026-02-05T06:34:37.822-08:00",
            "deny": [],
            "description": "",
            "destination_ranges": [],
            "direction": "INGRESS",
            "disabled": false,
            "enable_logging": null,
            "id": "projects/mybigdataproject-485818/global/firewalls/allow-nifi-web",
            "log_config": [],
            "name": "allow-nifi-web",
            "network": "https://www.googleapis.com/compute/v1/projects/mybigdataproject-485818/global/networks/cassandra-network-unique",
            "params": [],
            "priority": 1000,
            "project": "mybigdataproject-485818",
            "self_link": "https://www.googleapis.com/compute/v1/projects/mybigdataproject-485818/global/firewalls/allow-nifi-web",
            "source_ranges": [
              "0.0.0.0/0"
            ],
            "source_service_accounts": null,
            "source_tags": null,
            "target_service_accounts": null,
            "target_tags": [
              "nifi-node"
            ],
            "timeouts": null
          },
          "sensitive_attributes": [],
          "identity_schema_version": 0,
          "private": "eyJlMmJmYjczMC1lY2FhLTExZTYtOGY4OC0zNDM2M2JjN2M0YzAiOnsiY3JlYXRlIjoxMjAwMDAwMDAwMDAwLCJkZWxldGUiOjEyMDAwMDAwMDAwMDAsInVwZGF0ZSI6MTIwMDAwMDAwMDAwMH0sInNjaGVtYV92ZXJzaW9uIjoiMSJ9",
          "dependencies": [
            "google_compute_network.default"
          ]
        }
      ]
    },
    {
      "mode": "managed",
      "type": "google_compute_firewall",
      "name": "allow_ssh_cassandra",
      "provider": "provider[\"registry.terraform.io/hashicorp/google\"]",
      "instances": [
        {
          "schema_version": 1,
          "attributes": {
            "allow": [
              {
                "ports": [
                  "22"
                ],
                "protocol": "tcp"
              }
            ],
            "creation_timestamp": "2026-02-05T06:34:37.745-08:00",
            "deny": [],
            "description": "",
            "destination_ranges": [],
            "direction": "INGRESS",
            "disabled": false,
            "enable_logging": null,
            "id": "projects/mybigdataproject-485818/global/firewalls/allow-ssh-cassandra",
            "log_config": [],
            "name": "allow-ssh-cassandra",
            "network": "https://www.googleapis.com/compute/v1/projects/mybigdataproject-485818/global/networks/cassandra-network-unique",
            "params": [],
            "priority": 1000,
            "project": "mybigdataproject-485818",
            "self_link": "https://www.googleapis.com/compute/v1/projects/mybigdataproject-485818/global/firewalls/allow-ssh-cassandra",
            "source_ranges": [
              "0.0.0.0/0"
            ],
            "source_service_accounts": null,
            "source_tags": null,
            "target_service_accounts": null,
            "target_tags": [
              "cassandra-node"
            ],
            "timeouts": null
          },
          "sensitive_attributes": [],
          "identity_schema_version": 0,
          "private": "eyJlMmJmYjczMC1lY2FhLTExZTYtOGY4OC0zNDM2M2JjN2M0YzAiOnsiY3JlYXRlIjoxMjAwMDAwMDAwMDAwLCJkZWxldGUiOjEyMDAwMDAwMDAwMDAsInVwZGF0ZSI6MTIwMDAwMDAwMDAwMH0sInNjaGVtYV92ZXJzaW9uIjoiMSJ9",
          "dependencies": [
            "google_compute_network.default"
          ]
        }
      ]
    },
    {
      "mode": "managed",
      "type": "google_compute_firewall",
      "name": "allow_ssh_nifi",
      "provider": "provider[\"registry.terraform.io/hashicorp/google\"]",
      "instances": [
        {
          "schema_version": 1,
          "attributes": {
            "allow": [
              {
                "ports": [
                  "22"
                ],
                "protocol": "tcp"
              }
            ],
            "creation_timestamp": "2026-02-05T06:34:37.713-08:00",
            "deny": [],
            "description": "",
            "destination_ranges": [],
            "direction": "INGRESS",
            "disabled": false,
            "enable_logging": null,
            "id": "projects/mybigdataproject-485818/global/firewalls/allow-ssh-nifi",
            "log_config": [],
            "name": "allow-ssh-nifi",
            "network": "https://www.googleapis.com/compute/v1/projects/mybigdataproject-485818/global/networks/cassandra-network-unique",
            "params": [],
            "priority": 1000,
            "project": "mybigdataproject-485818",
            "self_link": "https://www.googleapis.com/compute/v1/projects/mybigdataproject-485818/global/firewalls/allow-ssh-nifi",
            "source_ranges": [
              "0.0.0.0/0"
            ],
            "source_service_accounts": null,
            "source_tags": null,
            "target_service_accounts": null,
            "target_tags": [
              "nifi-node"
            ],
            "timeouts": null
          },
          "sensitive_attributes": [],
          "identity_schema_version": 0,
          "private": "eyJlMmJmYjczMC1lY2FhLTExZTYtOGY4OC0zNDM2M2JjN2M0YzAiOnsiY3JlYXRlIjoxMjAwMDAwMDAwMDAwLCJkZWxldGUiOjEyMDAwMDAwMDAwMDAsInVwZGF0ZSI6MTIwMDAwMDAwMDAwMH0sInNjaGVtYV92ZXJzaW9uIjoiMSJ9",
          "dependencies": [
            "google_compute_network.default"
          ]
        }
      ]
    },
    {
      "mode": "managed",
      "type": "google_compute_instance",
      "name": "cassandra",
      "provider": "provider[\"registry.terraform.io/hashicorp/google\"]",
      "instances": [
        {
          "index_key": 0,
          "schema_version": 6,
          "attributes": {
            "advanced_machine_features": [],
            "allow_stopping_for_update": null,
            "attached_disk": [],
            "boot_disk": [
              {
                "auto_delete": true,
                "device_name": "persistent-disk-0",
                "disk_encryption_key_raw": "",
                "disk_encryption_key_rsa": "",
                "disk_encryption_key_sha256": "",
                "disk_encryption_service_account": "",
                "force_attach": false,
                "guest_os_features": [
                  "VIRTIO_SCSI_MULTIQUEUE",
                  "SEV_CAPABLE",
                  "SEV_SNP_CAPABLE",
                  "SEV_LIVE_MIGRATABLE",
                  "SEV_LIVE_MIGRATABLE_V2",
                  "IDPF",
                  "TDX_CAPABLE",
                  "UEFI_COMPATIBLE",
                  "GVNIC"
                ],
                "initialize_params": [
                  {
                    "architecture": "X86_64",
                    "enable_confidential_compute": false,
                    "image": "https://www.googleapis.com/compute/v1/projects/ubuntu-os-cloud/global/images/ubuntu-2204-jammy-v20260128",
                    "labels": {},
                    "provisioned_iops": 0,
                    "provisioned_throughput": 0,
                    "resource_manager_tags": null,
                    "resource_policies": [],
                    "size": 10,
                    "snapshot": "",
                    "source_image_encryption_key": [],
                    "source_snapshot_encryption_key": [],
                    "storage_pool": "",
                    "type": "pd-standard"
                  }
                ],
                "interface": "",
                "kms_key_self_link": "",
                "mode": "READ_WRITE",
                "source": "https://www.googleapis.com/compute/v1/projects/mybigdataproject-485818/zones/europe-north1-a/disks/cassandra-node-1"
              }
            ],
            "can_ip_forward": false,
            "confidential_instance_config": [],
            "cpu_platform": "Intel Broadwell",
            "creation_timestamp": "2026-02-05T06:35:14.230-08:00",
            "current_status": "RUNNING",
            "deletion_protection": false,
            "description": "",
            "desired_status": null,
            "effective_labels": {
              "goog-terraform-provisioned": "true"
            },
            "enable_display": false,
            "guest_accelerator": [],
            "hostname": "",
            "id": "projects/mybigdataproject-485818/zones/europe-north1-a/instances/cassandra-node-1",
            "instance_encryption_key": [],
            "instance_id": "5450727708342948976",
            "key_revocation_action_type": "",
            "label_fingerprint": "vezUS-42LLM=",
            "labels": null,
            "machine_type": "e2-medium",
            "metadata": null,
            "metadata_fingerprint": "_vKjmVwKTLo=",
            "metadata_startup_script": "#!/bin/bash\nset -euxo pipefail\n\n# Update system and install dependencies\napt-get update\napt-get install -y docker.io curl\nsystemctl enable docker\nsystemctl start docker\n\n# Increase the vm.max_map_count and RLIMIT_MEMLOCK\necho \"vm.max_map_count=1048575\" | sudo tee -a /etc/sysctl.conf\nsudo sysctl -p\n\n# Set RLIMIT_MEMLOCK to unlimited\necho \"* soft memlock unlimited\" | sudo tee -a /etc/security/limits.conf\necho \"* hard memlock unlimited\" | sudo tee -a /etc/security/limits.conf\n\n# Ensure Docker is working and pull Cassandra image\ndocker pull cassandra:4.0\n\n# Use Terraform-known static internal IPs (no bash command substitution)\nNODE_IP=\"10.0.0.10\"\nSEEDS=\"10.0.0.10,10.0.0.11,10.0.0.12\"\n\ndocker rm -f cassandra-node-1 || true\n\ndocker run -d --name cassandra-node-1 --restart unless-stopped --network host \\\n  -e CASSANDRA_CLUSTER_NAME=\"CassandraCluster\" \\\n  -e CASSANDRA_LISTEN_ADDRESS=\"${NODE_IP}\" \\\n  -e CASSANDRA_RPC_ADDRESS=\"0.0.0.0\" \\\n  -e CASSANDRA_BROADCAST_RPC_ADDRESS=\"${NODE_IP}\" \\\n  -e CASSANDRA_SEEDS=\"${SEEDS}\" \\\n  cassandra:4.0\n\n# Increase the vm.max_map_count setting for all nodes to improve Cassandra performance\nsysctl -w vm.max_map_count=1048575\n\nsleep 5\ndocker ps | grep -q cassandra-node-1\necho \"Cassandra node 1 up on ${NODE_IP}\"\n",
            "min_cpu_platform": "",
            "name": "cassandra-node-1",
            "network_interface": [
              {
                "access_config": [
                  {
                    "nat_ip": "34.88.167.211",
                    "network_tier": "PREMIUM",
                    "public_ptr_domain_name": ""
                  }
                ],
                "alias_ip_range": [],
                "igmp_query": "",
                "internal_ipv6_prefix_length": 0,
                "ipv6_access_config": [],
                "ipv6_access_type": "",
                "ipv6_address": "",
                "name": "nic0",
                "network": "https://www.googleapis.com/compute/v1/projects/mybigdataproject-485818/global/networks/cassandra-network-unique",
                "network_attachment": "",
                "network_ip": "10.0.0.10",
                "nic_type": "",
                "queue_count": 0,
                "stack_type": "IPV4_ONLY",
                "subnetwork": "https://www.googleapis.com/compute/v1/projects/mybigdataproject-485818/regions/europe-north1/subnetworks/cassandra-subnetwork",
                "subnetwork_project": "mybigdataproject-485818"
              }
            ],
            "network_performance_config": [],
            "params": [],
            "project": "mybigdataproject-485818",
            "reservation_affinity": [],
            "resource_policies": null,
            "scheduling": [
              {
                "automatic_restart": true,
                "availability_domain": 0,
                "instance_termination_action": "",
                "local_ssd_recovery_timeout": [],
                "max_run_duration": [],
                "min_node_cpus": 0,
                "node_affinities": [],
                "on_host_maintenance": "MIGRATE",
                "on_instance_stop_action": [],
                "preemptible": false,
                "provisioning_model": "STANDARD",
                "termination_time": ""
              }
            ],
            "scratch_disk": [],
            "self_link": "https://www.googleapis.com/compute/v1/projects/mybigdataproject-485818/zones/europe-north1-a/instances/cassandra-node-1",
            "service_account": [],
            "shielded_instance_config": [
              {
                "enable_integrity_monitoring": true,
                "enable_secure_boot": false,
                "enable_vtpm": true
              }
            ],
            "tags": [
              "cassandra-node"
            ],
            "tags_fingerprint": "jxI-TrHgZeI=",
            "terraform_labels": {
              "goog-terraform-provisioned": "true"
            },
            "timeouts": null,
            "zone": "europe-north1-a"
          },
          "sensitive_attributes": [
            [
              {
                "type": "get_attr",
                "value": "boot_disk"
              },
              {
                "type": "index",
                "value": {
                  "value": 0,
                  "type": "number"
                }
              },
              {
                "type": "get_attr",
                "value": "disk_encryption_key_raw"
              }
            ],
            [
              {
                "type": "get_attr",
                "value": "boot_disk"
              },
              {
                "type": "index",
                "value": {
                  "value": 0,
                  "type": "number"
                }
              },
              {
                "type": "get_attr",
                "value": "disk_encryption_key_rsa"
              }
            ]
          ],
          "identity_schema_version": 0,
          "private": "eyJlMmJmYjczMC1lY2FhLTExZTYtOGY4OC0zNDM2M2JjN2M0YzAiOnsiY3JlYXRlIjoxMjAwMDAwMDAwMDAwLCJkZWxldGUiOjEyMDAwMDAwMDAwMDAsInVwZGF0ZSI6MTIwMDAwMDAwMDAwMH0sInNjaGVtYV92ZXJzaW9uIjoiNiJ9",
          "dependencies": [
            "google_compute_address.cassandra_internal",
            "google_compute_network.default",
            "google_compute_subnetwork.default"
          ]
        },
        {
          "index_key": 1,
          "schema_version": 6,
          "attributes": {
            "advanced_machine_features": [],
            "allow_stopping_for_update": null,
            "attached_disk": [],
            "boot_disk": [
              {
                "auto_delete": true,
                "device_name": "persistent-disk-0",
                "disk_encryption_key_raw": "",
                "disk_encryption_key_rsa": "",
                "disk_encryption_key_sha256": "",
                "disk_encryption_service_account": "",
                "force_attach": false,
                "guest_os_features": [
                  "VIRTIO_SCSI_MULTIQUEUE",
                  "SEV_CAPABLE",
                  "SEV_SNP_CAPABLE",
                  "SEV_LIVE_MIGRATABLE",
                  "SEV_LIVE_MIGRATABLE_V2",
                  "IDPF",
                  "TDX_CAPABLE",
                  "UEFI_COMPATIBLE",
                  "GVNIC"
                ],
                "initialize_params": [
                  {
                    "architecture": "X86_64",
                    "enable_confidential_compute": false,
                    "image": "https://www.googleapis.com/compute/v1/projects/ubuntu-os-cloud/global/images/ubuntu-2204-jammy-v20260128",
                    "labels": {},
                    "provisioned_iops": 0,
                    "provisioned_throughput": 0,
                    "resource_manager_tags": null,
                    "resource_policies": [],
                    "size": 10,
                    "snapshot": "",
                    "source_image_encryption_key": [],
                    "source_snapshot_encryption_key": [],
                    "storage_pool": "",
                    "type": "pd-standard"
                  }
                ],
                "interface": "",
                "kms_key_self_link": "",
                "mode": "READ_WRITE",
                "source": "https://www.googleapis.com/compute/v1/projects/mybigdataproject-485818/zones/europe-north1-b/disks/cassandra-node-2"
              }
            ],
            "can_ip_forward": false,
            "confidential_instance_config": [],
            "cpu_platform": "AMD Rome",
            "creation_timestamp": "2026-02-05T06:35:14.615-08:00",
            "current_status": "RUNNING",
            "deletion_protection": false,
            "description": "",
            "desired_status": null,
            "effective_labels": {
              "goog-terraform-provisioned": "true"
            },
            "enable_display": false,
            "guest_accelerator": [],
            "hostname": "",
            "id": "projects/mybigdataproject-485818/zones/europe-north1-b/instances/cassandra-node-2",
            "instance_encryption_key": [],
            "instance_id": "1017254790858085488",
            "key_revocation_action_type": "",
            "label_fingerprint": "vezUS-42LLM=",
            "labels": null,
            "machine_type": "e2-medium",
            "metadata": null,
            "metadata_fingerprint": "YumeLbjUcEo=",
            "metadata_startup_script": "#!/bin/bash\nset -euxo pipefail\n\n# Update system and install dependencies\napt-get update\napt-get install -y docker.io curl\nsystemctl enable docker\nsystemctl start docker\n\n# Increase the vm.max_map_count and RLIMIT_MEMLOCK\necho \"vm.max_map_count=1048575\" | sudo tee -a /etc/sysctl.conf\nsudo sysctl -p\n\n# Set RLIMIT_MEMLOCK to unlimited\necho \"* soft memlock unlimited\" | sudo tee -a /etc/security/limits.conf\necho \"* hard memlock unlimited\" | sudo tee -a /etc/security/limits.conf\n\n# Ensure Docker is working and pull Cassandra image\ndocker pull cassandra:4.0\n\n# Use Terraform-known static internal IPs (no bash command substitution)\nNODE_IP=\"10.0.0.11\"\nSEEDS=\"10.0.0.10,10.0.0.11,10.0.0.12\"\n\ndocker rm -f cassandra-node-2 || true\n\ndocker run -d --name cassandra-node-2 --restart unless-stopped --network host \\\n  -e CASSANDRA_CLUSTER_NAME=\"CassandraCluster\" \\\n  -e CASSANDRA_LISTEN_ADDRESS=\"${NODE_IP}\" \\\n  -e CASSANDRA_RPC_ADDRESS=\"0.0.0.0\" \\\n  -e CASSANDRA_BROADCAST_RPC_ADDRESS=\"${NODE_IP}\" \\\n  -e CASSANDRA_SEEDS=\"${SEEDS}\" \\\n  cassandra:4.0\n\n# Increase the vm.max_map_count setting for all nodes to improve Cassandra performance\nsysctl -w vm.max_map_count=1048575\n\nsleep 5\ndocker ps | grep -q cassandra-node-2\necho \"Cassandra node 2 up on ${NODE_IP}\"\n",
            "min_cpu_platform": "",
            "name": "cassandra-node-2",
            "network_interface": [
              {
                "access_config": [
                  {
                    "nat_ip": "34.88.93.8",
                    "network_tier": "PREMIUM",
                    "public_ptr_domain_name": ""
                  }
                ],
                "alias_ip_range": [],
                "igmp_query": "",
                "internal_ipv6_prefix_length": 0,
                "ipv6_access_config": [],
                "ipv6_access_type": "",
                "ipv6_address": "",
                "name": "nic0",
                "network": "https://www.googleapis.com/compute/v1/projects/mybigdataproject-485818/global/networks/cassandra-network-unique",
                "network_attachment": "",
                "network_ip": "10.0.0.11",
                "nic_type": "",
                "queue_count": 0,
                "stack_type": "IPV4_ONLY",
                "subnetwork": "https://www.googleapis.com/compute/v1/projects/mybigdataproject-485818/regions/europe-north1/subnetworks/cassandra-subnetwork",
                "subnetwork_project": "mybigdataproject-485818"
              }
            ],
            "network_performance_config": [],
            "params": [],
            "project": "mybigdataproject-485818",
            "reservation_affinity": [],
            "resource_policies": null,
            "scheduling": [
              {
                "automatic_restart": true,
                "availability_domain": 0,
                "instance_termination_action": "",
                "local_ssd_recovery_timeout": [],
                "max_run_duration": [],
                "min_node_cpus": 0,
                "node_affinities": [],
                "on_host_maintenance": "MIGRATE",
                "on_instance_stop_action": [],
                "preemptible": false,
                "provisioning_model": "STANDARD",
                "termination_time": ""
              }
            ],
            "scratch_disk": [],
            "self_link": "https://www.googleapis.com/compute/v1/projects/mybigdataproject-485818/zones/europe-north1-b/instances/cassandra-node-2",
            "service_account": [],
            "shielded_instance_config": [
              {
                "enable_integrity_monitoring": true,
                "enable_secure_boot": false,
                "enable_vtpm": true
              }
            ],
            "tags": [
              "cassandra-node"
            ],
            "tags_fingerprint": "jxI-TrHgZeI=",
            "terraform_labels": {
              "goog-terraform-provisioned": "true"
            },
            "timeouts": null,
            "zone": "europe-north1-b"
          },
          "sensitive_attributes": [
            [
              {
                "type": "get_attr",
                "value": "boot_disk"
              },
              {
                "type": "index",
                "value": {
                  "value": 0,
                  "type": "number"
                }
              },
              {
                "type": "get_attr",
                "value": "disk_encryption_key_raw"
              }
            ],
            [
              {
                "type": "get_attr",
                "value": "boot_disk"
              },
              {
                "type": "index",
                "value": {
                  "value": 0,
                  "type": "number"
                }
              },
              {
                "type": "get_attr",
                "value": "disk_encryption_key_rsa"
              }
            ]
          ],
          "identity_schema_version": 0,
          "private": "eyJlMmJmYjczMC1lY2FhLTExZTYtOGY4OC0zNDM2M2JjN2M0YzAiOnsiY3JlYXRlIjoxMjAwMDAwMDAwMDAwLCJkZWxldGUiOjEyMDAwMDAwMDAwMDAsInVwZGF0ZSI6MTIwMDAwMDAwMDAwMH0sInNjaGVtYV92ZXJzaW9uIjoiNiJ9",
          "dependencies": [
            "google_compute_address.cassandra_internal",
            "google_compute_network.default",
            "google_compute_subnetwork.default"
          ]
        },
        {
          "index_key": 2,
          "schema_version": 6,
          "attributes": {
            "advanced_machine_features": [],
            "allow_stopping_for_update": null,
            "attached_disk": [],
            "boot_disk": [
              {
                "auto_delete": true,
                "device_name": "persistent-disk-0",
                "disk_encryption_key_raw": "",
                "disk_encryption_key_rsa": "",
                "disk_encryption_key_sha256": "",
                "disk_encryption_service_account": "",
                "force_attach": false,
                "guest_os_features": [
                  "VIRTIO_SCSI_MULTIQUEUE",
                  "SEV_CAPABLE",
                  "SEV_SNP_CAPABLE",
                  "SEV_LIVE_MIGRATABLE",
                  "SEV_LIVE_MIGRATABLE_V2",
                  "IDPF",
                  "TDX_CAPABLE",
                  "UEFI_COMPATIBLE",
                  "GVNIC"
                ],
                "initialize_params": [
                  {
                    "architecture": "X86_64",
                    "enable_confidential_compute": false,
                    "image": "https://www.googleapis.com/compute/v1/projects/ubuntu-os-cloud/global/images/ubuntu-2204-jammy-v20260128",
                    "labels": {},
                    "provisioned_iops": 0,
                    "provisioned_throughput": 0,
                    "resource_manager_tags": null,
                    "resource_policies": [],
                    "size": 10,
                    "snapshot": "",
                    "source_image_encryption_key": [],
                    "source_snapshot_encryption_key": [],
                    "storage_pool": "",
                    "type": "pd-standard"
                  }
                ],
                "interface": "",
                "kms_key_self_link": "",
                "mode": "READ_WRITE",
                "source": "https://www.googleapis.com/compute/v1/projects/mybigdataproject-485818/zones/europe-north1-c/disks/cassandra-node-3"
              }
            ],
            "can_ip_forward": false,
            "confidential_instance_config": [],
            "cpu_platform": "Intel Broadwell",
            "creation_timestamp": "2026-02-05T06:35:14.239-08:00",
            "current_status": "RUNNING",
            "deletion_protection": false,
            "description": "",
            "desired_status": null,
            "effective_labels": {
              "goog-terraform-provisioned": "true"
            },
            "enable_display": false,
            "guest_accelerator": [],
            "hostname": "",
            "id": "projects/mybigdataproject-485818/zones/europe-north1-c/instances/cassandra-node-3",
            "instance_encryption_key": [],
            "instance_id": "9205250095437124720",
            "key_revocation_action_type": "",
            "label_fingerprint": "vezUS-42LLM=",
            "labels": null,
            "machine_type": "e2-medium",
            "metadata": null,
            "metadata_fingerprint": "5a13h5GhGX4=",
            "metadata_startup_script": "#!/bin/bash\nset -euxo pipefail\n\n# Update system and install dependencies\napt-get update\napt-get install -y docker.io curl\nsystemctl enable docker\nsystemctl start docker\n\n# Increase the vm.max_map_count and RLIMIT_MEMLOCK\necho \"vm.max_map_count=1048575\" | sudo tee -a /etc/sysctl.conf\nsudo sysctl -p\n\n# Set RLIMIT_MEMLOCK to unlimited\necho \"* soft memlock unlimited\" | sudo tee -a /etc/security/limits.conf\necho \"* hard memlock unlimited\" | sudo tee -a /etc/security/limits.conf\n\n# Ensure Docker is working and pull Cassandra image\ndocker pull cassandra:4.0\n\n# Use Terraform-known static internal IPs (no bash command substitution)\nNODE_IP=\"10.0.0.12\"\nSEEDS=\"10.0.0.10,10.0.0.11,10.0.0.12\"\n\ndocker rm -f cassandra-node-3 || true\n\ndocker run -d --name cassandra-node-3 --restart unless-stopped --network host \\\n  -e CASSANDRA_CLUSTER_NAME=\"CassandraCluster\" \\\n  -e CASSANDRA_LISTEN_ADDRESS=\"${NODE_IP}\" \\\n  -e CASSANDRA_RPC_ADDRESS=\"0.0.0.0\" \\\n  -e CASSANDRA_BROADCAST_RPC_ADDRESS=\"${NODE_IP}\" \\\n  -e CASSANDRA_SEEDS=\"${SEEDS}\" \\\n  cassandra:4.0\n\n# Increase the vm.max_map_count setting for all nodes to improve Cassandra performance\nsysctl -w vm.max_map_count=1048575\n\nsleep 5\ndocker ps | grep -q cassandra-node-3\necho \"Cassandra node 3 up on ${NODE_IP}\"\n",
            "min_cpu_platform": "",
            "name": "cassandra-node-3",
            "network_interface": [
              {
                "access_config": [
                  {
                    "nat_ip": "34.88.126.103",
                    "network_tier": "PREMIUM",
                    "public_ptr_domain_name": ""
                  }
                ],
                "alias_ip_range": [],
                "igmp_query": "",
                "internal_ipv6_prefix_length": 0,
                "ipv6_access_config": [],
                "ipv6_access_type": "",
                "ipv6_address": "",
                "name": "nic0",
                "network": "https://www.googleapis.com/compute/v1/projects/mybigdataproject-485818/global/networks/cassandra-network-unique",
                "network_attachment": "",
                "network_ip": "10.0.0.12",
                "nic_type": "",
                "queue_count": 0,
                "stack_type": "IPV4_ONLY",
                "subnetwork": "https://www.googleapis.com/compute/v1/projects/mybigdataproject-485818/regions/europe-north1/subnetworks/cassandra-subnetwork",
                "subnetwork_project": "mybigdataproject-485818"
              }
            ],
            "network_performance_config": [],
            "params": [],
            "project": "mybigdataproject-485818",
            "reservation_affinity": [],
            "resource_policies": null,
            "scheduling": [
              {
                "automatic_restart": true,
                "availability_domain": 0,
                "instance_termination_action": "",
                "local_ssd_recovery_timeout": [],
                "max_run_duration": [],
                "min_node_cpus": 0,
                "node_affinities": [],
                "on_host_maintenance": "MIGRATE",
                "on_instance_stop_action": [],
                "preemptible": false,
                "provisioning_model": "STANDARD",
                "termination_time": ""
              }
            ],
            "scratch_disk": [],
            "self_link": "https://www.googleapis.com/compute/v1/projects/mybigdataproject-485818/zones/europe-north1-c/instances/cassandra-node-3",
            "service_account": [],
            "shielded_instance_config": [
              {
                "enable_integrity_monitoring": true,
                "enable_secure_boot": false,
                "enable_vtpm": true
              }
            ],
            "tags": [
              "cassandra-node"
            ],
            "tags_fingerprint": "jxI-TrHgZeI=",
            "terraform_labels": {
              "goog-terraform-provisioned": "true"
            },
            "timeouts": null,
            "zone": "europe-north1-c"
          },
          "sensitive_attributes": [
            [
              {
                "type": "get_attr",
                "value": "boot_disk"
              },
              {
                "type": "index",
                "value": {
                  "value": 0,
                  "type": "number"
                }
              },
              {
                "type": "get_attr",
                "value": "disk_encryption_key_raw"
              }
            ],
            [
              {
                "type": "get_attr",
                "value": "boot_disk"
              },
              {
                "type": "index",
                "value": {
                  "value": 0,
                  "type": "number"
                }
              },
              {
                "type": "get_attr",
                "value": "disk_encryption_key_rsa"
              }
            ]
          ],
          "identity_schema_version": 0,
          "private": "eyJlMmJmYjczMC1lY2FhLTExZTYtOGY4OC0zNDM2M2JjN2M0YzAiOnsiY3JlYXRlIjoxMjAwMDAwMDAwMDAwLCJkZWxldGUiOjEyMDAwMDAwMDAwMDAsInVwZGF0ZSI6MTIwMDAwMDAwMDAwMH0sInNjaGVtYV92ZXJzaW9uIjoiNiJ9",
          "dependencies": [
            "google_compute_address.cassandra_internal",
            "google_compute_network.default",
            "google_compute_subnetwork.default"
          ]
        }
      ]
    },
    {
      "mode": "managed",
      "type": "google_compute_instance",
      "name": "nifi",
      "provider": "provider[\"registry.terraform.io/hashicorp/google\"]",
      "instances": [
        {
          "schema_version": 6,
          "attributes": {
            "advanced_machine_features": [],
            "allow_stopping_for_update": true,
            "attached_disk": [],
            "boot_disk": [
              {
                "auto_delete": true,
                "device_name": "persistent-disk-0",
                "disk_encryption_key_raw": "",
                "disk_encryption_key_rsa": "",
                "disk_encryption_key_sha256": "",
                "disk_encryption_service_account": "",
                "force_attach": false,
                "guest_os_features": [
                  "VIRTIO_SCSI_MULTIQUEUE",
                  "SEV_CAPABLE",
                  "SEV_SNP_CAPABLE",
                  "SEV_LIVE_MIGRATABLE",
                  "SEV_LIVE_MIGRATABLE_V2",
                  "IDPF",
                  "TDX_CAPABLE",
                  "UEFI_COMPATIBLE",
                  "GVNIC"
                ],
                "initialize_params": [
                  {
                    "architecture": "X86_64",
                    "enable_confidential_compute": false,
                    "image": "https://www.googleapis.com/compute/v1/projects/ubuntu-os-cloud/global/images/ubuntu-2204-jammy-v20260128",
                    "labels": {},
                    "provisioned_iops": 0,
                    "provisioned_throughput": 0,
                    "resource_manager_tags": null,
                    "resource_policies": [],
                    "size": 10,
                    "snapshot": "",
                    "source_image_encryption_key": [],
                    "source_snapshot_encryption_key": [],
                    "storage_pool": "",
                    "type": "pd-standard"
                  }
                ],
                "interface": "",
                "kms_key_self_link": "",
                "mode": "READ_WRITE",
                "source": "https://www.googleapis.com/compute/v1/projects/mybigdataproject-485818/zones/europe-north1-a/disks/nifi-node"
              }
            ],
            "can_ip_forward": false,
            "confidential_instance_config": [],
            "cpu_platform": "Intel Broadwell",
            "creation_timestamp": "2026-02-05T06:35:14.090-08:00",
            "current_status": "RUNNING",
            "deletion_protection": false,
            "description": "",
            "desired_status": null,
            "effective_labels": {
              "goog-terraform-provisioned": "true"
            },
            "enable_display": false,
            "guest_accelerator": [],
            "hostname": "",
            "id": "projects/mybigdataproject-485818/zones/europe-north1-a/instances/nifi-node",
            "instance_encryption_key": [],
            "instance_id": "8687935939062338672",
            "key_revocation_action_type": "",
            "label_fingerprint": "vezUS-42LLM=",
            "labels": null,
            "machine_type": "e2-medium",
            "metadata": null,
            "metadata_fingerprint": "18ksBvixjp8=",
            "metadata_startup_script": "#!/bin/bash\nset -euxo pipefail\n\nNIFI_IMAGE=\"apache/nifi:2.7.2\"\nNIFI_NAME=\"nifi\"\n\nNIFI_USER=\"sabeeh\"\nNIFI_PASS=\"sabeehsabeeh\"\n\napt-get update\napt-get install -y docker.io curl\nsystemctl enable docker\nsystemctl start docker\n\n# Use Terraform-known static public IP (avoid metadata curl escaping issues)\nPUBLIC_IP=\"34.88.120.214\"\n\nmkdir -p /opt/nifi/{db,flowfile_repo,content_repo,provenance_repo,state,logs,jdbc}\nchmod -R 777 /opt/nifi\n\nJDBC_DIR=\"/opt/nifi/jdbc\"\nmkdir -p \"${JDBC_DIR}\"\nchmod 755 \"${JDBC_DIR}\"\n\n# -------------------------\n# Download JDBC + dependencies (idempotent)\n# -------------------------\ndownload() {\n  local url=\"$1\"\n  local out=\"$2\"\n  if [ ! -f \"${out}\" ]; then\n    curl -fL \"${url}\" -o \"${out}\"\n  fi\n}\n\n# 1) Cassandra JDBC wrapper\nWRAP_VER=\"4.16.1\"\ndownload \"https://repo1.maven.org/maven2/com/ing/data/cassandra-jdbc-wrapper/${WRAP_VER}/cassandra-jdbc-wrapper-${WRAP_VER}.jar\" \\\n         \"${JDBC_DIR}/cassandra-jdbc-wrapper-${WRAP_VER}.jar\"\n\n# 2) Caffeine (required by wrapper)\nCAF_VER=\"2.9.3\"\ndownload \"https://repo1.maven.org/maven2/com/github/ben-manes/caffeine/caffeine/${CAF_VER}/caffeine-${CAF_VER}.jar\" \\\n         \"${JDBC_DIR}/caffeine-${CAF_VER}.jar\"\n\n# 3) DataStax Java driver core (provides DriverOption)\nDS_VER=\"4.17.0\"\ndownload \"https://repo1.maven.org/maven2/com/datastax/oss/java-driver-core/${DS_VER}/java-driver-core-${DS_VER}.jar\" \\\n         \"${JDBC_DIR}/java-driver-core-${DS_VER}.jar\"\n\n# 4) DataStax shaded guava (note: different versioning)\nGUAVA_SHADED_VER=\"25.1-jre\"\ndownload \"https://repo1.maven.org/maven2/com/datastax/oss/java-driver-shaded-guava/${GUAVA_SHADED_VER}/java-driver-shaded-guava-${GUAVA_SHADED_VER}.jar\" \\\n         \"${JDBC_DIR}/java-driver-shaded-guava-${GUAVA_SHADED_VER}.jar\"\n\n# 5) Typesafe config\nCONF_VER=\"1.4.3\"\ndownload \"https://repo1.maven.org/maven2/com/typesafe/config/${CONF_VER}/config-${CONF_VER}.jar\" \\\n         \"${JDBC_DIR}/config-${CONF_VER}.jar\"\n\n# 6) Native protocol (note: different versioning than driver core)\nNP_VER=\"1.5.1\"\ndownload \"https://repo1.maven.org/maven2/com/datastax/oss/native-protocol/${NP_VER}/native-protocol-${NP_VER}.jar\" \\\n         \"${JDBC_DIR}/native-protocol-${NP_VER}.jar\"\n\n# 7) Jackson (needed by driver/wrapper in NiFi DBCP classloader)\nJACKSON_VER=\"2.17.2\"\ndownload \"https://repo1.maven.org/maven2/com/fasterxml/jackson/core/jackson-core/${JACKSON_VER}/jackson-core-${JACKSON_VER}.jar\" \\\n         \"${JDBC_DIR}/jackson-core-${JACKSON_VER}.jar\"\ndownload \"https://repo1.maven.org/maven2/com/fasterxml/jackson/core/jackson-databind/${JACKSON_VER}/jackson-databind-${JACKSON_VER}.jar\" \\\n         \"${JDBC_DIR}/jackson-databind-${JACKSON_VER}.jar\"\ndownload \"https://repo1.maven.org/maven2/com/fasterxml/jackson/core/jackson-annotations/${JACKSON_VER}/jackson-annotations-${JACKSON_VER}.jar\" \\\n         \"${JDBC_DIR}/jackson-annotations-${JACKSON_VER}.jar\"\n\n# 8) Semver4J providing org.semver4j.Semver (avoid com.vdurmont confusion)\nORG_SEMVER_VER=\"6.0.0\"\ndownload \"https://repo1.maven.org/maven2/org/semver4j/semver4j/${ORG_SEMVER_VER}/semver4j-${ORG_SEMVER_VER}.jar\" \\\n         \"${JDBC_DIR}/org-semver4j-${ORG_SEMVER_VER}.jar\"\n\n# 9) Netty modules (more reliable than netty-all for classloading)\nNETTY_VER=\"4.1.108.Final\"\nfor a in netty-common netty-buffer netty-transport netty-handler netty-codec netty-resolver netty-transport-native-unix-common; do\n  download \"https://repo1.maven.org/maven2/io/netty/${a}/${NETTY_VER}/${a}-${NETTY_VER}.jar\" \\\n           \"${JDBC_DIR}/${a}-${NETTY_VER}.jar\"\ndone\n\nchmod 644 \"${JDBC_DIR}\"/*.jar || true\necho \"JDBC dir contents:\"\nls -lh \"${JDBC_DIR}\"\n\ndocker pull \"${NIFI_IMAGE}\"\ndocker rm -f \"${NIFI_NAME}\" || true\n\ndocker run -d --name \"${NIFI_NAME}\" --restart unless-stopped \\\n  -p 8443:8443 \\\n  -e SINGLE_USER_CREDENTIALS_USERNAME=\"${NIFI_USER}\" \\\n  -e SINGLE_USER_CREDENTIALS_PASSWORD=\"${NIFI_PASS}\" \\\n  -e NIFI_WEB_HTTPS_HOST=\"0.0.0.0\" \\\n  -e NIFI_WEB_PROXY_HOST=\"${PUBLIC_IP}:8443\" \\\n  -v /opt/nifi/jdbc:/opt/nifi/jdbc:ro \\\n  -v /opt/nifi/db:/opt/nifi/nifi-current/database_repository \\\n  -v /opt/nifi/flowfile_repo:/opt/nifi/nifi-current/flowfile_repository \\\n  -v /opt/nifi/content_repo:/opt/nifi/nifi-current/content_repository \\\n  -v /opt/nifi/provenance_repo:/opt/nifi/nifi-current/provenance_repository \\\n  -v /opt/nifi/state:/opt/nifi/nifi-current/state \\\n  -v /opt/nifi/logs:/opt/nifi/nifi-current/logs \\\n  \"${NIFI_IMAGE}\"\n\nsleep 10\ndocker ps | grep -q \"${NIFI_NAME}\"\necho \"NiFi should be available at: https://${PUBLIC_IP}:8443/nifi\"\n",
            "min_cpu_platform": "",
            "name": "nifi-node",
            "network_interface": [
              {
                "access_config": [
                  {
                    "nat_ip": "34.88.120.214",
                    "network_tier": "PREMIUM",
                    "public_ptr_domain_name": ""
                  }
                ],
                "alias_ip_range": [],
                "igmp_query": "",
                "internal_ipv6_prefix_length": 0,
                "ipv6_access_config": [],
                "ipv6_access_type": "",
                "ipv6_address": "",
                "name": "nic0",
                "network": "https://www.googleapis.com/compute/v1/projects/mybigdataproject-485818/global/networks/cassandra-network-unique",
                "network_attachment": "",
                "network_ip": "10.0.0.50",
                "nic_type": "",
                "queue_count": 0,
                "stack_type": "IPV4_ONLY",
                "subnetwork": "https://www.googleapis.com/compute/v1/projects/mybigdataproject-485818/regions/europe-north1/subnetworks/cassandra-subnetwork",
                "subnetwork_project": "mybigdataproject-485818"
              }
            ],
            "network_performance_config": [],
            "params": [],
            "project": "mybigdataproject-485818",
            "reservation_affinity": [],
            "resource_policies": null,
            "scheduling": [
              {
                "automatic_restart": true,
                "availability_domain": 0,
                "instance_termination_action": "",
                "local_ssd_recovery_timeout": [],
                "max_run_duration": [],
                "min_node_cpus": 0,
                "node_affinities": [],
                "on_host_maintenance": "MIGRATE",
                "on_instance_stop_action": [],
                "preemptible": false,
                "provisioning_model": "STANDARD",
                "termination_time": ""
              }
            ],
            "scratch_disk": [],
            "self_link": "https://www.googleapis.com/compute/v1/projects/mybigdataproject-485818/zones/europe-north1-a/instances/nifi-node",
            "service_account": [
              {
                "email": "nifi-landing-sa@mybigdataproject-485818.iam.gserviceaccount.com",
                "scopes": [
                  "https://www.googleapis.com/auth/cloud-platform"
                ]
              }
            ],
            "shielded_instance_config": [
              {
                "enable_integrity_monitoring": true,
                "enable_secure_boot": false,
                "enable_vtpm": true
              }
            ],
            "tags": [
              "nifi-node"
            ],
            "tags_fingerprint": "gyem1R_xn5o=",
            "terraform_labels": {
              "goog-terraform-provisioned": "true"
            },
            "timeouts": null,
            "zone": "europe-north1-a"
          },
          "sensitive_attributes": [
            [
              {
                "type": "get_attr",
                "value": "boot_disk"
              },
              {
                "type": "index",
                "value": {
                  "value": 0,
                  "type": "number"
                }
              },
              {
                "type": "get_attr",
                "value": "disk_encryption_key_raw"
              }
            ],
            [
              {
                "type": "get_attr",
                "value": "boot_disk"
              },
              {
                "type": "index",
                "value": {
                  "value": 0,
                  "type": "number"
                }
              },
              {
                "type": "get_attr",
                "value": "disk_encryption_key_rsa"
              }
            ]
          ],
          "identity_schema_version": 0,
          "private": "eyJlMmJmYjczMC1lY2FhLTExZTYtOGY4OC0zNDM2M2JjN2M0YzAiOnsiY3JlYXRlIjoxMjAwMDAwMDAwMDAwLCJkZWxldGUiOjEyMDAwMDAwMDAwMDAsInVwZGF0ZSI6MTIwMDAwMDAwMDAwMH0sInNjaGVtYV92ZXJzaW9uIjoiNiJ9",
          "dependencies": [
            "google_compute_address.nifi_internal",
            "google_compute_address.nifi_public",
            "google_compute_network.default",
            "google_compute_subnetwork.default",
            "google_project_service.cloudresourcemanager_api",
            "google_project_service.iam_api",
            "google_service_account.nifi_sa",
            "google_storage_bucket.landing_bucket",
            "google_storage_bucket_iam_member.nifi_landing_prefix_access"
          ]
        }
      ]
    },
    {
      "mode": "managed",
      "type": "google_compute_network",
      "name": "default",
      "provider": "provider[\"registry.terraform.io/hashicorp/google\"]",
      "instances": [
        {
          "schema_version": 0,
          "attributes": {
            "auto_create_subnetworks": false,
            "bgp_always_compare_med": false,
            "bgp_best_path_selection_mode": "LEGACY",
            "bgp_inter_region_cost": "",
            "delete_bgp_always_compare_med": false,
            "delete_default_routes_on_create": false,
            "description": "",
            "enable_ula_internal_ipv6": false,
            "gateway_ipv4": "",
            "id": "projects/mybigdataproject-485818/global/networks/cassandra-network-unique",
            "internal_ipv6_range": "",
            "mtu": 0,
            "name": "cassandra-network-unique",
            "network_firewall_policy_enforcement_order": "AFTER_CLASSIC_FIREWALL",
            "network_id": "5171144879474545822",
            "network_profile": "",
            "numeric_id": "5171144879474545822",
            "params": [],
            "project": "mybigdataproject-485818",
            "routing_mode": "REGIONAL",
            "self_link": "https://www.googleapis.com/compute/v1/projects/mybigdataproject-485818/global/networks/cassandra-network-unique",
            "timeouts": null
          },
          "sensitive_attributes": [],
          "identity_schema_version": 0,
          "private": "eyJlMmJmYjczMC1lY2FhLTExZTYtOGY4OC0zNDM2M2JjN2M0YzAiOnsiY3JlYXRlIjoxMjAwMDAwMDAwMDAwLCJkZWxldGUiOjEyMDAwMDAwMDAwMDAsInVwZGF0ZSI6MTIwMDAwMDAwMDAwMH19"
        }
      ]
    },
    {
      "mode": "managed",
      "type": "google_compute_subnetwork",
      "name": "default",
      "provider": "provider[\"registry.terraform.io/hashicorp/google\"]",
      "instances": [
        {
          "schema_version": 0,
          "attributes": {
            "creation_timestamp": "2026-02-05T06:34:38.471-08:00",
            "description": "",
            "external_ipv6_prefix": "",
            "fingerprint": null,
            "gateway_address": "10.0.0.1",
            "id": "projects/mybigdataproject-485818/regions/europe-north1/subnetworks/cassandra-subnetwork",
            "internal_ipv6_prefix": "",
            "ip_cidr_range": "10.0.0.0/24",
            "ip_collection": null,
            "ipv6_access_type": "",
            "ipv6_cidr_range": "",
            "ipv6_gce_endpoint": "",
            "log_config": [],
            "name": "cassandra-subnetwork",
            "network": "https://www.googleapis.com/compute/v1/projects/mybigdataproject-485818/global/networks/cassandra-network-unique",
            "params": [],
            "private_ip_google_access": false,
            "private_ipv6_google_access": "DISABLE_GOOGLE_ACCESS",
            "project": "mybigdataproject-485818",
            "purpose": "PRIVATE",
            "region": "europe-north1",
            "reserved_internal_range": "",
            "role": "",
            "secondary_ip_range": [],
            "self_link": "https://www.googleapis.com/compute/v1/projects/mybigdataproject-485818/regions/europe-north1/subnetworks/cassandra-subnetwork",
            "send_secondary_ip_range_if_empty": null,
            "stack_type": "IPV4_ONLY",
            "state": "",
            "subnetwork_id": 5031440343638807697,
            "timeouts": null
          },
          "sensitive_attributes": [],
          "identity_schema_version": 0,
          "private": "eyJlMmJmYjczMC1lY2FhLTExZTYtOGY4OC0zNDM2M2JjN2M0YzAiOnsiY3JlYXRlIjoxMjAwMDAwMDAwMDAwLCJkZWxldGUiOjEyMDAwMDAwMDAwMDAsInVwZGF0ZSI6MTIwMDAwMDAwMDAwMH19",
          "dependencies": [
            "google_compute_network.default"
          ]
        }
      ]
    },
    {
      "mode": "managed",
      "type": "google_project_service",
      "name": "cloudresourcemanager_api",
      "provider": "provider[\"registry.terraform.io/hashicorp/google\"]",
      "instances": [
        {
          "schema_version": 0,
          "attributes": {
            "disable_dependent_services": null,
            "disable_on_destroy": false,
            "id": "mybigdataproject-485818/cloudresourcemanager.googleapis.com",
            "project": "mybigdataproject-485818",
            "service": "cloudresourcemanager.googleapis.com",
            "timeouts": null
          },
          "sensitive_attributes": [],
          "identity_schema_version": 0,
          "private": "eyJlMmJmYjczMC1lY2FhLTExZTYtOGY4OC0zNDM2M2JjN2M0YzAiOnsiY3JlYXRlIjoxMjAwMDAwMDAwMDAwLCJkZWxldGUiOjEyMDAwMDAwMDAwMDAsInJlYWQiOjYwMDAwMDAwMDAwMCwidXBkYXRlIjoxMjAwMDAwMDAwMDAwfX0="
        }
      ]
    },
    {
      "mode": "managed",
      "type": "google_project_service",
      "name": "iam_api",
      "provider": "provider[\"registry.terraform.io/hashicorp/google\"]",
      "instances": [
        {
          "schema_version": 0,
          "attributes": {
            "disable_dependent_services": null,
            "disable_on_destroy": false,
            "id": "mybigdataproject-485818/iam.googleapis.com",
            "project": "mybigdataproject-485818",
            "service": "iam.googleapis.com",
            "timeouts": null
          },
          "sensitive_attributes": [],
          "identity_schema_version": 0,
          "private": "eyJlMmJmYjczMC1lY2FhLTExZTYtOGY4OC0zNDM2M2JjN2M0YzAiOnsiY3JlYXRlIjoxMjAwMDAwMDAwMDAwLCJkZWxldGUiOjEyMDAwMDAwMDAwMDAsInJlYWQiOjYwMDAwMDAwMDAwMCwidXBkYXRlIjoxMjAwMDAwMDAwMDAwfX0="
        }
      ]
    },
    {
      "mode": "managed",
      "type": "google_service_account",
      "name": "nifi_sa",
      "provider": "provider[\"registry.terraform.io/hashicorp/google\"]",
      "instances": [
        {
          "schema_version": 0,
          "attributes": {
            "account_id": "nifi-landing-sa",
            "create_ignore_already_exists": null,
            "description": "",
            "disabled": false,
            "display_name": "NiFi access to landing prefixes",
            "email": "nifi-landing-sa@mybigdataproject-485818.iam.gserviceaccount.com",
            "id": "projects/mybigdataproject-485818/serviceAccounts/nifi-landing-sa@mybigdataproject-485818.iam.gserviceaccount.com",
            "member": "serviceAccount:nifi-landing-sa@mybigdataproject-485818.iam.gserviceaccount.com",
            "name": "projects/mybigdataproject-485818/serviceAccounts/nifi-landing-sa@mybigdataproject-485818.iam.gserviceaccount.com",
            "project": "mybigdataproject-485818",
            "timeouts": null,
            "unique_id": "102741045623345422793"
          },
          "sensitive_attributes": [],
          "identity_schema_version": 0,
          "private": "eyJlMmJmYjczMC1lY2FhLTExZTYtOGY4OC0zNDM2M2JjN2M0YzAiOnsiY3JlYXRlIjozMDAwMDAwMDAwMDB9fQ==",
          "dependencies": [
            "google_project_service.cloudresourcemanager_api",
            "google_project_service.iam_api"
          ]
        }
      ]
    },
    {
      "mode": "managed",
      "type": "google_storage_bucket",
      "name": "landing_bucket",
      "provider": "provider[\"registry.terraform.io/hashicorp/google\"]",
      "instances": [
        {
          "schema_version": 4,
          "attributes": {
            "autoclass": [],
            "cors": [],
            "custom_placement_config": [],
            "default_event_based_hold": false,
            "effective_labels": {
              "goog-terraform-provisioned": "true"
            },
            "enable_object_retention": false,
            "encryption": [],
            "force_destroy": true,
            "hierarchical_namespace": [
              {
                "enabled": false
              }
            ],
            "id": "mysimbdp-landing-485818",
            "ip_filter": [],
            "labels": {},
            "lifecycle_rule": [],
            "location": "EU",
            "logging": [],
            "name": "mysimbdp-landing-485818",
            "project": "mybigdataproject-485818",
            "project_number": 978363256084,
            "public_access_prevention": "inherited",
            "requester_pays": false,
            "retention_policy": [],
            "rpo": "DEFAULT",
            "self_link": "https://www.googleapis.com/storage/v1/b/mysimbdp-landing-485818",
            "soft_delete_policy": [
              {
                "effective_time": "2026-02-05T14:26:43.534Z",
                "retention_duration_seconds": 604800
              }
            ],
            "storage_class": "STANDARD",
            "terraform_labels": {
              "goog-terraform-provisioned": "true"
            },
            "time_created": "2026-02-05T14:26:43.534Z",
            "timeouts": null,
            "uniform_bucket_level_access": true,
            "updated": "2026-02-05T14:27:08.935Z",
            "url": "gs://mysimbdp-landing-485818",
            "versioning": [],
            "website": []
          },
          "sensitive_attributes": [],
          "identity_schema_version": 0,
          "private": "eyJlMmJmYjczMC1lY2FhLTExZTYtOGY4OC0zNDM2M2JjN2M0YzAiOnsiY3JlYXRlIjo2MDAwMDAwMDAwMDAsInJlYWQiOjI0MDAwMDAwMDAwMCwidXBkYXRlIjoyNDAwMDAwMDAwMDB9LCJzY2hlbWFfdmVyc2lvbiI6IjQifQ=="
        }
      ]
    },
    {
      "mode": "managed",
      "type": "google_storage_bucket_iam_member",
      "name": "admin_full_access",
      "provider": "provider[\"registry.terraform.io/hashicorp/google\"]",
      "instances": [
        {
          "schema_version": 0,
          "attributes": {
            "bucket": "b/mysimbdp-landing-485818",
            "condition": [],
            "etag": "CAQ=",
            "id": "b/mysimbdp-landing-485818/roles/storage.admin/user:sabeeh.waqas@aalto.fi",
            "member": "user:sabeeh.waqas@aalto.fi",
            "role": "roles/storage.admin",
            "timeouts": null
          },
          "sensitive_attributes": [],
          "identity_schema_version": 0,
          "private": "eyJlMmJmYjczMC1lY2FhLTExZTYtOGY4OC0zNDM2M2JjN2M0YzAiOnsiY3JlYXRlIjoxMjAwMDAwMDAwMDAwfX0=",
          "dependencies": [
            "google_storage_bucket.landing_bucket"
          ]
        }
      ]
    },
    {
      "mode": "managed",
      "type": "google_storage_bucket_iam_member",
      "name": "nifi_landing_prefix_access",
      "provider": "provider[\"registry.terraform.io/hashicorp/google\"]",
      "instances": [
        {
          "schema_version": 0,
          "attributes": {
            "bucket": "b/mysimbdp-landing-485818",
            "condition": [
              {
                "description": "Allow NiFi only objects under landing/",
                "expression": "resource.name.startsWith(\"projects/_/buckets/mysimbdp-landing-485818/objects/landing/\")",
                "title": "nifi-landing-prefixes"
              }
            ],
            "etag": "CAQ=",
            "id": "b/mysimbdp-landing-485818/roles/storage.objectAdmin/serviceAccount:nifi-landing-sa@mybigdataproject-485818.iam.gserviceaccount.com/nifi-landing-prefixes/Allow NiFi only objects under landing//resource.name.startsWith(\"projects/_/buckets/mysimbdp-landing-485818/objects/landing/\")",
            "member": "serviceAccount:nifi-landing-sa@mybigdataproject-485818.iam.gserviceaccount.com",
            "role": "roles/storage.objectAdmin",
            "timeouts": null
          },
          "sensitive_attributes": [],
          "identity_schema_version": 0,
          "private": "eyJlMmJmYjczMC1lY2FhLTExZTYtOGY4OC0zNDM2M2JjN2M0YzAiOnsiY3JlYXRlIjoxMjAwMDAwMDAwMDAwfX0=",
          "dependencies": [
            "google_project_service.cloudresourcemanager_api",
            "google_project_service.iam_api",
            "google_service_account.nifi_sa",
            "google_storage_bucket.landing_bucket"
          ]
        }
      ]
    },
    {
      "mode": "managed",
      "type": "google_storage_bucket_iam_member",
      "name": "nifi_list_objects",
      "provider": "provider[\"registry.terraform.io/hashicorp/google\"]",
      "instances": [
        {
          "schema_version": 0,
          "attributes": {
            "bucket": "b/mysimbdp-landing-485818",
            "condition": [],
            "etag": "CAQ=",
            "id": "b/mysimbdp-landing-485818/roles/storage.legacyBucketReader/serviceAccount:nifi-landing-sa@mybigdataproject-485818.iam.gserviceaccount.com",
            "member": "serviceAccount:nifi-landing-sa@mybigdataproject-485818.iam.gserviceaccount.com",
            "role": "roles/storage.legacyBucketReader",
            "timeouts": null
          },
          "sensitive_attributes": [],
          "identity_schema_version": 0,
          "private": "eyJlMmJmYjczMC1lY2FhLTExZTYtOGY4OC0zNDM2M2JjN2M0YzAiOnsiY3JlYXRlIjoxMjAwMDAwMDAwMDAwfX0=",
          "dependencies": [
            "google_project_service.cloudresourcemanager_api",
            "google_project_service.iam_api",
            "google_service_account.nifi_sa",
            "google_storage_bucket.landing_bucket"
          ]
        }
      ]
    },
    {
      "mode": "managed",
      "type": "google_storage_bucket_object",
      "name": "landing_dir",
      "provider": "provider[\"registry.terraform.io/hashicorp/google\"]",
      "instances": [
        {
          "schema_version": 0,
          "attributes": {
            "bucket": "mysimbdp-landing-485818",
            "cache_control": "",
            "content": " ",
            "content_disposition": "",
            "content_encoding": "",
            "content_language": "",
            "content_type": "text/plain; charset=utf-8",
            "contexts": [],
            "crc32c": "csDdjw==",
            "customer_encryption": [],
            "deletion_policy": null,
            "detect_md5hash": "chXunH2dwinSkhpA6JnsXw==",
            "event_based_hold": false,
            "force_empty_content_type": null,
            "generation": 1770301605302507,
            "id": "mysimbdp-landing-485818-landing/",
            "kms_key_name": "",
            "md5hash": "chXunH2dwinSkhpA6JnsXw==",
            "md5hexhash": "7215ee9c7d9dc229d2921a40e899ec5f",
            "media_link": "https://storage.googleapis.com/download/storage/v1/b/mysimbdp-landing-485818/o/landing%2F?generation=1770301605302507\u0026alt=media",
            "metadata": {},
            "name": "landing/",
            "output_name": "landing/",
            "retention": [],
            "self_link": "https://www.googleapis.com/storage/v1/b/mysimbdp-landing-485818/o/landing%2F",
            "source": null,
            "source_md5hash": "",
            "storage_class": "STANDARD",
            "temporary_hold": false,
            "timeouts": null
          },
          "sensitive_attributes": [
            [
              {
                "type": "get_attr",
                "value": "content"
              }
            ]
          ],
          "identity_schema_version": 0,
          "private": "eyJlMmJmYjczMC1lY2FhLTExZTYtOGY4OC0zNDM2M2JjN2M0YzAiOnsiY3JlYXRlIjoyNDAwMDAwMDAwMDAsImRlbGV0ZSI6MjQwMDAwMDAwMDAwLCJ1cGRhdGUiOjI0MDAwMDAwMDAwMH19",
          "dependencies": [
            "google_storage_bucket.landing_bucket"
          ]
        }
      ]
    },
    {
      "mode": "managed",
      "type": "google_storage_bucket_object",
      "name": "landing_failed_dir",
      "provider": "provider[\"registry.terraform.io/hashicorp/google\"]",
      "instances": [
        {
          "schema_version": 0,
          "attributes": {
            "bucket": "mysimbdp-landing-485818",
            "cache_control": "",
            "content": " ",
            "content_disposition": "",
            "content_encoding": "",
            "content_language": "",
            "content_type": "text/plain; charset=utf-8",
            "contexts": [],
            "crc32c": "csDdjw==",
            "customer_encryption": [],
            "deletion_policy": null,
            "detect_md5hash": "chXunH2dwinSkhpA6JnsXw==",
            "event_based_hold": false,
            "force_empty_content_type": null,
            "generation": 1770301605301860,
            "id": "mysimbdp-landing-485818-landing/failed/",
            "kms_key_name": "",
            "md5hash": "chXunH2dwinSkhpA6JnsXw==",
            "md5hexhash": "7215ee9c7d9dc229d2921a40e899ec5f",
            "media_link": "https://storage.googleapis.com/download/storage/v1/b/mysimbdp-landing-485818/o/landing%2Ffailed%2F?generation=1770301605301860\u0026alt=media",
            "metadata": {},
            "name": "landing/failed/",
            "output_name": "landing/failed/",
            "retention": [],
            "self_link": "https://www.googleapis.com/storage/v1/b/mysimbdp-landing-485818/o/landing%2Ffailed%2F",
            "source": null,
            "source_md5hash": "",
            "storage_class": "STANDARD",
            "temporary_hold": false,
            "timeouts": null
          },
          "sensitive_attributes": [
            [
              {
                "type": "get_attr",
                "value": "content"
              }
            ]
          ],
          "identity_schema_version": 0,
          "private": "eyJlMmJmYjczMC1lY2FhLTExZTYtOGY4OC0zNDM2M2JjN2M0YzAiOnsiY3JlYXRlIjoyNDAwMDAwMDAwMDAsImRlbGV0ZSI6MjQwMDAwMDAwMDAwLCJ1cGRhdGUiOjI0MDAwMDAwMDAwMH19",
          "dependencies": [
            "google_storage_bucket.landing_bucket"
          ]
        }
      ]
    },
    {
      "mode": "managed",
      "type": "google_storage_bucket_object",
      "name": "landing_processed_dir",
      "provider": "provider[\"registry.terraform.io/hashicorp/google\"]",
      "instances": [
        {
          "schema_version": 0,
          "attributes": {
            "bucket": "mysimbdp-landing-485818",
            "cache_control": "",
            "content": " ",
            "content_disposition": "",
            "content_encoding": "",
            "content_language": "",
            "content_type": "text/plain; charset=utf-8",
            "contexts": [],
            "crc32c": "csDdjw==",
            "customer_encryption": [],
            "deletion_policy": null,
            "detect_md5hash": "chXunH2dwinSkhpA6JnsXw==",
            "event_based_hold": false,
            "force_empty_content_type": null,
            "generation": 1770301605297978,
            "id": "mysimbdp-landing-485818-landing/processed/",
            "kms_key_name": "",
            "md5hash": "chXunH2dwinSkhpA6JnsXw==",
            "md5hexhash": "7215ee9c7d9dc229d2921a40e899ec5f",
            "media_link": "https://storage.googleapis.com/download/storage/v1/b/mysimbdp-landing-485818/o/landing%2Fprocessed%2F?generation=1770301605297978\u0026alt=media",
            "metadata": {},
            "name": "landing/processed/",
            "output_name": "landing/processed/",
            "retention": [],
            "self_link": "https://www.googleapis.com/storage/v1/b/mysimbdp-landing-485818/o/landing%2Fprocessed%2F",
            "source": null,
            "source_md5hash": "",
            "storage_class": "STANDARD",
            "temporary_hold": false,
            "timeouts": null
          },
          "sensitive_attributes": [
            [
              {
                "type": "get_attr",
                "value": "content"
              }
            ]
          ],
          "identity_schema_version": 0,
          "private": "eyJlMmJmYjczMC1lY2FhLTExZTYtOGY4OC0zNDM2M2JjN2M0YzAiOnsiY3JlYXRlIjoyNDAwMDAwMDAwMDAsImRlbGV0ZSI6MjQwMDAwMDAwMDAwLCJ1cGRhdGUiOjI0MDAwMDAwMDAwMH19",
          "dependencies": [
            "google_storage_bucket.landing_bucket"
          ]
        }
      ]
    },
    {
      "mode": "managed",
      "type": "google_storage_bucket_object",
      "name": "landing_raw_dir",
      "provider": "provider[\"registry.terraform.io/hashicorp/google\"]",
      "instances": [
        {
          "schema_version": 0,
          "attributes": {
            "bucket": "mysimbdp-landing-485818",
            "cache_control": "",
            "content": " ",
            "content_disposition": "",
            "content_encoding": "",
            "content_language": "",
            "content_type": "text/plain; charset=utf-8",
            "contexts": [],
            "crc32c": "csDdjw==",
            "customer_encryption": [],
            "deletion_policy": null,
            "detect_md5hash": "chXunH2dwinSkhpA6JnsXw==",
            "event_based_hold": false,
            "force_empty_content_type": null,
            "generation": 1770301605209237,
            "id": "mysimbdp-landing-485818-landing/raw/",
            "kms_key_name": "",
            "md5hash": "chXunH2dwinSkhpA6JnsXw==",
            "md5hexhash": "7215ee9c7d9dc229d2921a40e899ec5f",
            "media_link": "https://storage.googleapis.com/download/storage/v1/b/mysimbdp-landing-485818/o/landing%2Fraw%2F?generation=1770301605209237\u0026alt=media",
            "metadata": {},
            "name": "landing/raw/",
            "output_name": "landing/raw/",
            "retention": [],
            "self_link": "https://www.googleapis.com/storage/v1/b/mysimbdp-landing-485818/o/landing%2Fraw%2F",
            "source": null,
            "source_md5hash": "",
            "storage_class": "STANDARD",
            "temporary_hold": false,
            "timeouts": null
          },
          "sensitive_attributes": [
            [
              {
                "type": "get_attr",
                "value": "content"
              }
            ]
          ],
          "identity_schema_version": 0,
          "private": "eyJlMmJmYjczMC1lY2FhLTExZTYtOGY4OC0zNDM2M2JjN2M0YzAiOnsiY3JlYXRlIjoyNDAwMDAwMDAwMDAsImRlbGV0ZSI6MjQwMDAwMDAwMDAwLCJ1cGRhdGUiOjI0MDAwMDAwMDAwMH19",
          "dependencies": [
            "google_storage_bucket.landing_bucket"
          ]
        }
      ]
    }
  ],
  "check_results": null
}
