{
  "version": 4,
  "terraform_version": "1.14.4",
  "serial": 135,
  "lineage": "8f65ce93-397f-c573-9d5f-db6219ca6960",
  "outputs": {
    "cassandra_instance_ips": {
      "value": [
        "10.0.0.10",
        "10.0.0.11",
        "10.0.0.12"
      ],
      "type": [
        "tuple",
        [
          "string",
          "string",
          "string"
        ]
      ]
    }
  },
  "resources": [
    {
      "mode": "managed",
      "type": "google_compute_address",
      "name": "cassandra_internal",
      "provider": "provider[\"registry.terraform.io/hashicorp/google\"]",
      "instances": [
        {
          "index_key": 0,
          "schema_version": 0,
          "attributes": {
            "address": "10.0.0.10",
            "address_type": "INTERNAL",
            "creation_timestamp": "2026-01-29T13:52:53.014-08:00",
            "description": "",
            "effective_labels": {
              "goog-terraform-provisioned": "true"
            },
            "id": "projects/mybigdataproject-485818/regions/europe-north1/addresses/cassandra-internal-1",
            "ip_collection": "",
            "ip_version": "",
            "ipv6_endpoint_type": "",
            "label_fingerprint": "vezUS-42LLM=",
            "labels": {},
            "name": "cassandra-internal-1",
            "network": "",
            "network_tier": "PREMIUM",
            "prefix_length": 0,
            "project": "mybigdataproject-485818",
            "purpose": "GCE_ENDPOINT",
            "region": "europe-north1",
            "self_link": "https://www.googleapis.com/compute/v1/projects/mybigdataproject-485818/regions/europe-north1/addresses/cassandra-internal-1",
            "subnetwork": "https://www.googleapis.com/compute/v1/projects/mybigdataproject-485818/regions/europe-north1/subnetworks/cassandra-subnetwork",
            "terraform_labels": {
              "goog-terraform-provisioned": "true"
            },
            "timeouts": null,
            "users": [
              "https://www.googleapis.com/compute/v1/projects/mybigdataproject-485818/zones/europe-north1-a/instances/cassandra-node-1"
            ]
          },
          "sensitive_attributes": [],
          "identity_schema_version": 0,
          "private": "eyJlMmJmYjczMC1lY2FhLTExZTYtOGY4OC0zNDM2M2JjN2M0YzAiOnsiY3JlYXRlIjoxMjAwMDAwMDAwMDAwLCJkZWxldGUiOjEyMDAwMDAwMDAwMDAsInVwZGF0ZSI6MTIwMDAwMDAwMDAwMH19",
          "dependencies": [
            "google_compute_network.default",
            "google_compute_subnetwork.default"
          ]
        },
        {
          "index_key": 1,
          "schema_version": 0,
          "attributes": {
            "address": "10.0.0.11",
            "address_type": "INTERNAL",
            "creation_timestamp": "2026-01-29T13:52:53.106-08:00",
            "description": "",
            "effective_labels": {
              "goog-terraform-provisioned": "true"
            },
            "id": "projects/mybigdataproject-485818/regions/europe-north1/addresses/cassandra-internal-2",
            "ip_collection": "",
            "ip_version": "",
            "ipv6_endpoint_type": "",
            "label_fingerprint": "vezUS-42LLM=",
            "labels": {},
            "name": "cassandra-internal-2",
            "network": "",
            "network_tier": "PREMIUM",
            "prefix_length": 0,
            "project": "mybigdataproject-485818",
            "purpose": "GCE_ENDPOINT",
            "region": "europe-north1",
            "self_link": "https://www.googleapis.com/compute/v1/projects/mybigdataproject-485818/regions/europe-north1/addresses/cassandra-internal-2",
            "subnetwork": "https://www.googleapis.com/compute/v1/projects/mybigdataproject-485818/regions/europe-north1/subnetworks/cassandra-subnetwork",
            "terraform_labels": {
              "goog-terraform-provisioned": "true"
            },
            "timeouts": null,
            "users": [
              "https://www.googleapis.com/compute/v1/projects/mybigdataproject-485818/zones/europe-north1-a/instances/cassandra-node-2"
            ]
          },
          "sensitive_attributes": [],
          "identity_schema_version": 0,
          "private": "eyJlMmJmYjczMC1lY2FhLTExZTYtOGY4OC0zNDM2M2JjN2M0YzAiOnsiY3JlYXRlIjoxMjAwMDAwMDAwMDAwLCJkZWxldGUiOjEyMDAwMDAwMDAwMDAsInVwZGF0ZSI6MTIwMDAwMDAwMDAwMH19",
          "dependencies": [
            "google_compute_network.default",
            "google_compute_subnetwork.default"
          ]
        },
        {
          "index_key": 2,
          "schema_version": 0,
          "attributes": {
            "address": "10.0.0.12",
            "address_type": "INTERNAL",
            "creation_timestamp": "2026-01-29T13:52:52.465-08:00",
            "description": "",
            "effective_labels": {
              "goog-terraform-provisioned": "true"
            },
            "id": "projects/mybigdataproject-485818/regions/europe-north1/addresses/cassandra-internal-3",
            "ip_collection": "",
            "ip_version": "",
            "ipv6_endpoint_type": "",
            "label_fingerprint": "vezUS-42LLM=",
            "labels": {},
            "name": "cassandra-internal-3",
            "network": "",
            "network_tier": "PREMIUM",
            "prefix_length": 0,
            "project": "mybigdataproject-485818",
            "purpose": "GCE_ENDPOINT",
            "region": "europe-north1",
            "self_link": "https://www.googleapis.com/compute/v1/projects/mybigdataproject-485818/regions/europe-north1/addresses/cassandra-internal-3",
            "subnetwork": "https://www.googleapis.com/compute/v1/projects/mybigdataproject-485818/regions/europe-north1/subnetworks/cassandra-subnetwork",
            "terraform_labels": {
              "goog-terraform-provisioned": "true"
            },
            "timeouts": null,
            "users": [
              "https://www.googleapis.com/compute/v1/projects/mybigdataproject-485818/zones/europe-north1-a/instances/cassandra-node-3"
            ]
          },
          "sensitive_attributes": [],
          "identity_schema_version": 0,
          "private": "eyJlMmJmYjczMC1lY2FhLTExZTYtOGY4OC0zNDM2M2JjN2M0YzAiOnsiY3JlYXRlIjoxMjAwMDAwMDAwMDAwLCJkZWxldGUiOjEyMDAwMDAwMDAwMDAsInVwZGF0ZSI6MTIwMDAwMDAwMDAwMH19",
          "dependencies": [
            "google_compute_network.default",
            "google_compute_subnetwork.default"
          ]
        }
      ]
    },
    {
      "mode": "managed",
      "type": "google_compute_firewall",
      "name": "allow_cassandra_internode",
      "provider": "provider[\"registry.terraform.io/hashicorp/google\"]",
      "instances": [
        {
          "schema_version": 1,
          "attributes": {
            "allow": [
              {
                "ports": [
                  "7000",
                  "7001",
                  "7199",
                  "9160"
                ],
                "protocol": "tcp"
              }
            ],
            "creation_timestamp": "2026-01-29T13:51:41.770-08:00",
            "deny": [],
            "description": "",
            "destination_ranges": [],
            "direction": "INGRESS",
            "disabled": false,
            "enable_logging": null,
            "id": "projects/mybigdataproject-485818/global/firewalls/allow-cassandra-internode",
            "log_config": [],
            "name": "allow-cassandra-internode",
            "network": "https://www.googleapis.com/compute/v1/projects/mybigdataproject-485818/global/networks/cassandra-network",
            "params": [],
            "priority": 1000,
            "project": "mybigdataproject-485818",
            "self_link": "https://www.googleapis.com/compute/v1/projects/mybigdataproject-485818/global/firewalls/allow-cassandra-internode",
            "source_ranges": [
              "10.0.0.0/24"
            ],
            "source_service_accounts": [],
            "source_tags": [],
            "target_service_accounts": [],
            "target_tags": [],
            "timeouts": null
          },
          "sensitive_attributes": [],
          "identity_schema_version": 0,
          "private": "eyJlMmJmYjczMC1lY2FhLTExZTYtOGY4OC0zNDM2M2JjN2M0YzAiOnsiY3JlYXRlIjoxMjAwMDAwMDAwMDAwLCJkZWxldGUiOjEyMDAwMDAwMDAwMDAsInVwZGF0ZSI6MTIwMDAwMDAwMDAwMH0sInNjaGVtYV92ZXJzaW9uIjoiMSJ9",
          "dependencies": [
            "google_compute_network.default"
          ]
        }
      ]
    },
    {
      "mode": "managed",
      "type": "google_compute_firewall",
      "name": "allow_ssh_cql",
      "provider": "provider[\"registry.terraform.io/hashicorp/google\"]",
      "instances": [
        {
          "schema_version": 1,
          "attributes": {
            "allow": [
              {
                "ports": [
                  "22",
                  "9042"
                ],
                "protocol": "tcp"
              }
            ],
            "creation_timestamp": "2026-01-29T13:51:41.135-08:00",
            "deny": [],
            "description": "",
            "destination_ranges": [],
            "direction": "INGRESS",
            "disabled": false,
            "enable_logging": null,
            "id": "projects/mybigdataproject-485818/global/firewalls/allow-ssh-cql",
            "log_config": [],
            "name": "allow-ssh-cql",
            "network": "https://www.googleapis.com/compute/v1/projects/mybigdataproject-485818/global/networks/cassandra-network",
            "params": [],
            "priority": 1000,
            "project": "mybigdataproject-485818",
            "self_link": "https://www.googleapis.com/compute/v1/projects/mybigdataproject-485818/global/firewalls/allow-ssh-cql",
            "source_ranges": [
              "0.0.0.0/0"
            ],
            "source_service_accounts": [],
            "source_tags": [],
            "target_service_accounts": [],
            "target_tags": [],
            "timeouts": null
          },
          "sensitive_attributes": [],
          "identity_schema_version": 0,
          "private": "eyJlMmJmYjczMC1lY2FhLTExZTYtOGY4OC0zNDM2M2JjN2M0YzAiOnsiY3JlYXRlIjoxMjAwMDAwMDAwMDAwLCJkZWxldGUiOjEyMDAwMDAwMDAwMDAsInVwZGF0ZSI6MTIwMDAwMDAwMDAwMH0sInNjaGVtYV92ZXJzaW9uIjoiMSJ9",
          "dependencies": [
            "google_compute_network.default"
          ]
        }
      ]
    },
    {
      "mode": "managed",
      "type": "google_compute_instance",
      "name": "cassandra",
      "provider": "provider[\"registry.terraform.io/hashicorp/google\"]",
      "instances": [
        {
          "index_key": 0,
          "schema_version": 6,
          "attributes": {
            "advanced_machine_features": [],
            "allow_stopping_for_update": null,
            "attached_disk": [],
            "boot_disk": [
              {
                "auto_delete": true,
                "device_name": "persistent-disk-0",
                "disk_encryption_key_raw": "",
                "disk_encryption_key_rsa": "",
                "disk_encryption_key_sha256": "",
                "disk_encryption_service_account": "",
                "force_attach": false,
                "guest_os_features": [
                  "VIRTIO_SCSI_MULTIQUEUE",
                  "SEV_CAPABLE",
                  "SEV_SNP_CAPABLE",
                  "SEV_LIVE_MIGRATABLE",
                  "SEV_LIVE_MIGRATABLE_V2",
                  "IDPF",
                  "TDX_CAPABLE",
                  "UEFI_COMPATIBLE",
                  "GVNIC"
                ],
                "initialize_params": [
                  {
                    "architecture": "X86_64",
                    "enable_confidential_compute": false,
                    "image": "https://www.googleapis.com/compute/v1/projects/ubuntu-os-cloud/global/images/ubuntu-2204-jammy-v20260128",
                    "labels": {},
                    "provisioned_iops": 0,
                    "provisioned_throughput": 0,
                    "resource_manager_tags": {},
                    "resource_policies": [],
                    "size": 10,
                    "snapshot": "",
                    "source_image_encryption_key": [],
                    "source_snapshot_encryption_key": [],
                    "storage_pool": "",
                    "type": "pd-standard"
                  }
                ],
                "interface": "",
                "kms_key_self_link": "",
                "mode": "READ_WRITE",
                "source": "https://www.googleapis.com/compute/v1/projects/mybigdataproject-485818/zones/europe-north1-a/disks/cassandra-node-1"
              }
            ],
            "can_ip_forward": false,
            "confidential_instance_config": [],
            "cpu_platform": "Unknown CPU Platform",
            "creation_timestamp": "2026-01-29T14:20:34.241-08:00",
            "current_status": "TERMINATED",
            "deletion_protection": false,
            "description": "",
            "desired_status": null,
            "effective_labels": {
              "goog-terraform-provisioned": "true"
            },
            "enable_display": false,
            "guest_accelerator": [],
            "hostname": "",
            "id": "projects/mybigdataproject-485818/zones/europe-north1-a/instances/cassandra-node-1",
            "instance_encryption_key": [],
            "instance_id": "5145356981012685760",
            "key_revocation_action_type": "",
            "label_fingerprint": "vezUS-42LLM=",
            "labels": {},
            "machine_type": "e2-medium",
            "metadata": {},
            "metadata_fingerprint": "v4NjM41jicY=",
            "metadata_startup_script": "#!/bin/bash\nset -euxo pipefail\n\n# Update and install Docker\nsudo apt-get update\nsudo apt-get install -y docker.io\n\n# Enable and start Docker service\nsudo systemctl enable docker\nsudo systemctl start docker\n\n# Create the custom Docker network (if not already created)\nsudo docker network create cassandra-network || true\n\n# Pull the official Apache Cassandra Docker image\nsudo docker pull cassandra:4.0\n\n# Get the VM's internal IP\nNODE_IP=\"$(hostname -I | awk '{print $1}')\"\n\n# Seed nodes are the internal IPs of the other VMs\nSEEDS=\"10.0.0.10,10.0.0.11,10.0.0.12\"\n\n# Run Cassandra container using host network\nsudo docker run -d --name cassandra-node-1 --restart unless-stopped --network host \\\n  -e CASSANDRA_CLUSTER_NAME=\"CassandraCluster\" \\\n  -e CASSANDRA_LISTEN_ADDRESS=\"$NODE_IP\" \\\n  -e CASSANDRA_RPC_ADDRESS=\"0.0.0.0\" \\\n  -e CASSANDRA_BROADCAST_RPC_ADDRESS=\"$NODE_IP\" \\\n  -e CASSANDRA_SEEDS=\"$SEEDS\" \\\n  cassandra:4.0\n\n# Check if Cassandra container is running\nif ! sudo docker ps | grep cassandra; then\n  echo \"Cassandra container failed to start. Exiting.\"\n  exit 1\nelse\n  echo \"Cassandra is running successfully in Docker.\"\nfi\n",
            "min_cpu_platform": "",
            "name": "cassandra-node-1",
            "network_interface": [
              {
                "access_config": [
                  {
                    "nat_ip": "",
                    "network_tier": "PREMIUM",
                    "public_ptr_domain_name": ""
                  }
                ],
                "alias_ip_range": [],
                "igmp_query": "",
                "internal_ipv6_prefix_length": 0,
                "ipv6_access_config": [],
                "ipv6_access_type": "",
                "ipv6_address": "",
                "name": "nic0",
                "network": "https://www.googleapis.com/compute/v1/projects/mybigdataproject-485818/global/networks/cassandra-network",
                "network_attachment": "",
                "network_ip": "10.0.0.10",
                "nic_type": "",
                "queue_count": 0,
                "stack_type": "IPV4_ONLY",
                "subnetwork": "https://www.googleapis.com/compute/v1/projects/mybigdataproject-485818/regions/europe-north1/subnetworks/cassandra-subnetwork",
                "subnetwork_project": "mybigdataproject-485818"
              }
            ],
            "network_performance_config": [],
            "params": [],
            "project": "mybigdataproject-485818",
            "reservation_affinity": [],
            "resource_policies": [],
            "scheduling": [
              {
                "automatic_restart": true,
                "availability_domain": 0,
                "instance_termination_action": "",
                "local_ssd_recovery_timeout": [],
                "max_run_duration": [],
                "min_node_cpus": 0,
                "node_affinities": [],
                "on_host_maintenance": "MIGRATE",
                "on_instance_stop_action": [],
                "preemptible": false,
                "provisioning_model": "STANDARD",
                "termination_time": ""
              }
            ],
            "scratch_disk": [],
            "self_link": "https://www.googleapis.com/compute/v1/projects/mybigdataproject-485818/zones/europe-north1-a/instances/cassandra-node-1",
            "service_account": [],
            "shielded_instance_config": [
              {
                "enable_integrity_monitoring": true,
                "enable_secure_boot": false,
                "enable_vtpm": true
              }
            ],
            "tags": [
              "cassandra-node"
            ],
            "tags_fingerprint": "jxI-TrHgZeI=",
            "terraform_labels": {
              "goog-terraform-provisioned": "true"
            },
            "timeouts": null,
            "zone": "europe-north1-a"
          },
          "sensitive_attributes": [
            [
              {
                "type": "get_attr",
                "value": "boot_disk"
              },
              {
                "type": "index",
                "value": {
                  "value": 0,
                  "type": "number"
                }
              },
              {
                "type": "get_attr",
                "value": "disk_encryption_key_raw"
              }
            ],
            [
              {
                "type": "get_attr",
                "value": "boot_disk"
              },
              {
                "type": "index",
                "value": {
                  "value": 0,
                  "type": "number"
                }
              },
              {
                "type": "get_attr",
                "value": "disk_encryption_key_rsa"
              }
            ]
          ],
          "identity_schema_version": 0,
          "private": "eyJlMmJmYjczMC1lY2FhLTExZTYtOGY4OC0zNDM2M2JjN2M0YzAiOnsiY3JlYXRlIjoxMjAwMDAwMDAwMDAwLCJkZWxldGUiOjEyMDAwMDAwMDAwMDAsInVwZGF0ZSI6MTIwMDAwMDAwMDAwMH0sInNjaGVtYV92ZXJzaW9uIjoiNiJ9",
          "dependencies": [
            "google_compute_address.cassandra_internal",
            "google_compute_network.default",
            "google_compute_subnetwork.default"
          ]
        },
        {
          "index_key": 1,
          "schema_version": 6,
          "attributes": {
            "advanced_machine_features": [],
            "allow_stopping_for_update": null,
            "attached_disk": [],
            "boot_disk": [
              {
                "auto_delete": true,
                "device_name": "persistent-disk-0",
                "disk_encryption_key_raw": "",
                "disk_encryption_key_rsa": "",
                "disk_encryption_key_sha256": "",
                "disk_encryption_service_account": "",
                "force_attach": false,
                "guest_os_features": [
                  "VIRTIO_SCSI_MULTIQUEUE",
                  "SEV_CAPABLE",
                  "SEV_SNP_CAPABLE",
                  "SEV_LIVE_MIGRATABLE",
                  "SEV_LIVE_MIGRATABLE_V2",
                  "IDPF",
                  "TDX_CAPABLE",
                  "UEFI_COMPATIBLE",
                  "GVNIC"
                ],
                "initialize_params": [
                  {
                    "architecture": "X86_64",
                    "enable_confidential_compute": false,
                    "image": "https://www.googleapis.com/compute/v1/projects/ubuntu-os-cloud/global/images/ubuntu-2204-jammy-v20260128",
                    "labels": {},
                    "provisioned_iops": 0,
                    "provisioned_throughput": 0,
                    "resource_manager_tags": {},
                    "resource_policies": [],
                    "size": 10,
                    "snapshot": "",
                    "source_image_encryption_key": [],
                    "source_snapshot_encryption_key": [],
                    "storage_pool": "",
                    "type": "pd-standard"
                  }
                ],
                "interface": "",
                "kms_key_self_link": "",
                "mode": "READ_WRITE",
                "source": "https://www.googleapis.com/compute/v1/projects/mybigdataproject-485818/zones/europe-north1-a/disks/cassandra-node-2"
              }
            ],
            "can_ip_forward": false,
            "confidential_instance_config": [],
            "cpu_platform": "Unknown CPU Platform",
            "creation_timestamp": "2026-01-29T14:20:33.886-08:00",
            "current_status": "TERMINATED",
            "deletion_protection": false,
            "description": "",
            "desired_status": null,
            "effective_labels": {
              "goog-terraform-provisioned": "true"
            },
            "enable_display": false,
            "guest_accelerator": [],
            "hostname": "",
            "id": "projects/mybigdataproject-485818/zones/europe-north1-a/instances/cassandra-node-2",
            "instance_encryption_key": [],
            "instance_id": "5810688036963771328",
            "key_revocation_action_type": "",
            "label_fingerprint": "vezUS-42LLM=",
            "labels": {},
            "machine_type": "e2-medium",
            "metadata": {},
            "metadata_fingerprint": "-PpkyDVaoqY=",
            "metadata_startup_script": "#!/bin/bash\nset -euxo pipefail\n\n# Update and install Docker\nsudo apt-get update\nsudo apt-get install -y docker.io\n\n# Enable and start Docker service\nsudo systemctl enable docker\nsudo systemctl start docker\n\n# Create the custom Docker network (if not already created)\nsudo docker network create cassandra-network || true\n\n# Pull the official Apache Cassandra Docker image\nsudo docker pull cassandra:4.0\n\n# Get the VM's internal IP\nNODE_IP=\"$(hostname -I | awk '{print $1}')\"\n\n# Seed nodes are the internal IPs of the other VMs\nSEEDS=\"10.0.0.10,10.0.0.11,10.0.0.12\"\n\n# Run Cassandra container using host network\nsudo docker run -d --name cassandra-node-2 --restart unless-stopped --network host \\\n  -e CASSANDRA_CLUSTER_NAME=\"CassandraCluster\" \\\n  -e CASSANDRA_LISTEN_ADDRESS=\"$NODE_IP\" \\\n  -e CASSANDRA_RPC_ADDRESS=\"0.0.0.0\" \\\n  -e CASSANDRA_BROADCAST_RPC_ADDRESS=\"$NODE_IP\" \\\n  -e CASSANDRA_SEEDS=\"$SEEDS\" \\\n  cassandra:4.0\n\n# Check if Cassandra container is running\nif ! sudo docker ps | grep cassandra; then\n  echo \"Cassandra container failed to start. Exiting.\"\n  exit 1\nelse\n  echo \"Cassandra is running successfully in Docker.\"\nfi\n",
            "min_cpu_platform": "",
            "name": "cassandra-node-2",
            "network_interface": [
              {
                "access_config": [
                  {
                    "nat_ip": "",
                    "network_tier": "PREMIUM",
                    "public_ptr_domain_name": ""
                  }
                ],
                "alias_ip_range": [],
                "igmp_query": "",
                "internal_ipv6_prefix_length": 0,
                "ipv6_access_config": [],
                "ipv6_access_type": "",
                "ipv6_address": "",
                "name": "nic0",
                "network": "https://www.googleapis.com/compute/v1/projects/mybigdataproject-485818/global/networks/cassandra-network",
                "network_attachment": "",
                "network_ip": "10.0.0.11",
                "nic_type": "",
                "queue_count": 0,
                "stack_type": "IPV4_ONLY",
                "subnetwork": "https://www.googleapis.com/compute/v1/projects/mybigdataproject-485818/regions/europe-north1/subnetworks/cassandra-subnetwork",
                "subnetwork_project": "mybigdataproject-485818"
              }
            ],
            "network_performance_config": [],
            "params": [],
            "project": "mybigdataproject-485818",
            "reservation_affinity": [],
            "resource_policies": [],
            "scheduling": [
              {
                "automatic_restart": true,
                "availability_domain": 0,
                "instance_termination_action": "",
                "local_ssd_recovery_timeout": [],
                "max_run_duration": [],
                "min_node_cpus": 0,
                "node_affinities": [],
                "on_host_maintenance": "MIGRATE",
                "on_instance_stop_action": [],
                "preemptible": false,
                "provisioning_model": "STANDARD",
                "termination_time": ""
              }
            ],
            "scratch_disk": [],
            "self_link": "https://www.googleapis.com/compute/v1/projects/mybigdataproject-485818/zones/europe-north1-a/instances/cassandra-node-2",
            "service_account": [],
            "shielded_instance_config": [
              {
                "enable_integrity_monitoring": true,
                "enable_secure_boot": false,
                "enable_vtpm": true
              }
            ],
            "tags": [
              "cassandra-node"
            ],
            "tags_fingerprint": "jxI-TrHgZeI=",
            "terraform_labels": {
              "goog-terraform-provisioned": "true"
            },
            "timeouts": null,
            "zone": "europe-north1-a"
          },
          "sensitive_attributes": [
            [
              {
                "type": "get_attr",
                "value": "boot_disk"
              },
              {
                "type": "index",
                "value": {
                  "value": 0,
                  "type": "number"
                }
              },
              {
                "type": "get_attr",
                "value": "disk_encryption_key_raw"
              }
            ],
            [
              {
                "type": "get_attr",
                "value": "boot_disk"
              },
              {
                "type": "index",
                "value": {
                  "value": 0,
                  "type": "number"
                }
              },
              {
                "type": "get_attr",
                "value": "disk_encryption_key_rsa"
              }
            ]
          ],
          "identity_schema_version": 0,
          "private": "eyJlMmJmYjczMC1lY2FhLTExZTYtOGY4OC0zNDM2M2JjN2M0YzAiOnsiY3JlYXRlIjoxMjAwMDAwMDAwMDAwLCJkZWxldGUiOjEyMDAwMDAwMDAwMDAsInVwZGF0ZSI6MTIwMDAwMDAwMDAwMH0sInNjaGVtYV92ZXJzaW9uIjoiNiJ9",
          "dependencies": [
            "google_compute_address.cassandra_internal",
            "google_compute_network.default",
            "google_compute_subnetwork.default"
          ]
        },
        {
          "index_key": 2,
          "schema_version": 6,
          "attributes": {
            "advanced_machine_features": [],
            "allow_stopping_for_update": null,
            "attached_disk": [],
            "boot_disk": [
              {
                "auto_delete": true,
                "device_name": "persistent-disk-0",
                "disk_encryption_key_raw": "",
                "disk_encryption_key_rsa": "",
                "disk_encryption_key_sha256": "",
                "disk_encryption_service_account": "",
                "force_attach": false,
                "guest_os_features": [
                  "VIRTIO_SCSI_MULTIQUEUE",
                  "SEV_CAPABLE",
                  "SEV_SNP_CAPABLE",
                  "SEV_LIVE_MIGRATABLE",
                  "SEV_LIVE_MIGRATABLE_V2",
                  "IDPF",
                  "TDX_CAPABLE",
                  "UEFI_COMPATIBLE",
                  "GVNIC"
                ],
                "initialize_params": [
                  {
                    "architecture": "X86_64",
                    "enable_confidential_compute": false,
                    "image": "https://www.googleapis.com/compute/v1/projects/ubuntu-os-cloud/global/images/ubuntu-2204-jammy-v20260128",
                    "labels": {},
                    "provisioned_iops": 0,
                    "provisioned_throughput": 0,
                    "resource_manager_tags": {},
                    "resource_policies": [],
                    "size": 10,
                    "snapshot": "",
                    "source_image_encryption_key": [],
                    "source_snapshot_encryption_key": [],
                    "storage_pool": "",
                    "type": "pd-standard"
                  }
                ],
                "interface": "",
                "kms_key_self_link": "",
                "mode": "READ_WRITE",
                "source": "https://www.googleapis.com/compute/v1/projects/mybigdataproject-485818/zones/europe-north1-a/disks/cassandra-node-3"
              }
            ],
            "can_ip_forward": false,
            "confidential_instance_config": [],
            "cpu_platform": "Unknown CPU Platform",
            "creation_timestamp": "2026-01-29T14:20:33.006-08:00",
            "current_status": "TERMINATED",
            "deletion_protection": false,
            "description": "",
            "desired_status": null,
            "effective_labels": {
              "goog-terraform-provisioned": "true"
            },
            "enable_display": false,
            "guest_accelerator": [],
            "hostname": "",
            "id": "projects/mybigdataproject-485818/zones/europe-north1-a/instances/cassandra-node-3",
            "instance_encryption_key": [],
            "instance_id": "8292313603652346817",
            "key_revocation_action_type": "",
            "label_fingerprint": "vezUS-42LLM=",
            "labels": {},
            "machine_type": "e2-medium",
            "metadata": {},
            "metadata_fingerprint": "BUOwpOhIEbY=",
            "metadata_startup_script": "#!/bin/bash\nset -euxo pipefail\n\n# Update and install Docker\nsudo apt-get update\nsudo apt-get install -y docker.io\n\n# Enable and start Docker service\nsudo systemctl enable docker\nsudo systemctl start docker\n\n# Create the custom Docker network (if not already created)\nsudo docker network create cassandra-network || true\n\n# Pull the official Apache Cassandra Docker image\nsudo docker pull cassandra:4.0\n\n# Get the VM's internal IP\nNODE_IP=\"$(hostname -I | awk '{print $1}')\"\n\n# Seed nodes are the internal IPs of the other VMs\nSEEDS=\"10.0.0.10,10.0.0.11,10.0.0.12\"\n\n# Run Cassandra container using host network\nsudo docker run -d --name cassandra-node-3 --restart unless-stopped --network host \\\n  -e CASSANDRA_CLUSTER_NAME=\"CassandraCluster\" \\\n  -e CASSANDRA_LISTEN_ADDRESS=\"$NODE_IP\" \\\n  -e CASSANDRA_RPC_ADDRESS=\"0.0.0.0\" \\\n  -e CASSANDRA_BROADCAST_RPC_ADDRESS=\"$NODE_IP\" \\\n  -e CASSANDRA_SEEDS=\"$SEEDS\" \\\n  cassandra:4.0\n\n# Check if Cassandra container is running\nif ! sudo docker ps | grep cassandra; then\n  echo \"Cassandra container failed to start. Exiting.\"\n  exit 1\nelse\n  echo \"Cassandra is running successfully in Docker.\"\nfi\n",
            "min_cpu_platform": "",
            "name": "cassandra-node-3",
            "network_interface": [
              {
                "access_config": [
                  {
                    "nat_ip": "",
                    "network_tier": "PREMIUM",
                    "public_ptr_domain_name": ""
                  }
                ],
                "alias_ip_range": [],
                "igmp_query": "",
                "internal_ipv6_prefix_length": 0,
                "ipv6_access_config": [],
                "ipv6_access_type": "",
                "ipv6_address": "",
                "name": "nic0",
                "network": "https://www.googleapis.com/compute/v1/projects/mybigdataproject-485818/global/networks/cassandra-network",
                "network_attachment": "",
                "network_ip": "10.0.0.12",
                "nic_type": "",
                "queue_count": 0,
                "stack_type": "IPV4_ONLY",
                "subnetwork": "https://www.googleapis.com/compute/v1/projects/mybigdataproject-485818/regions/europe-north1/subnetworks/cassandra-subnetwork",
                "subnetwork_project": "mybigdataproject-485818"
              }
            ],
            "network_performance_config": [],
            "params": [],
            "project": "mybigdataproject-485818",
            "reservation_affinity": [],
            "resource_policies": [],
            "scheduling": [
              {
                "automatic_restart": true,
                "availability_domain": 0,
                "instance_termination_action": "",
                "local_ssd_recovery_timeout": [],
                "max_run_duration": [],
                "min_node_cpus": 0,
                "node_affinities": [],
                "on_host_maintenance": "MIGRATE",
                "on_instance_stop_action": [],
                "preemptible": false,
                "provisioning_model": "STANDARD",
                "termination_time": ""
              }
            ],
            "scratch_disk": [],
            "self_link": "https://www.googleapis.com/compute/v1/projects/mybigdataproject-485818/zones/europe-north1-a/instances/cassandra-node-3",
            "service_account": [],
            "shielded_instance_config": [
              {
                "enable_integrity_monitoring": true,
                "enable_secure_boot": false,
                "enable_vtpm": true
              }
            ],
            "tags": [
              "cassandra-node"
            ],
            "tags_fingerprint": "jxI-TrHgZeI=",
            "terraform_labels": {
              "goog-terraform-provisioned": "true"
            },
            "timeouts": null,
            "zone": "europe-north1-a"
          },
          "sensitive_attributes": [
            [
              {
                "type": "get_attr",
                "value": "boot_disk"
              },
              {
                "type": "index",
                "value": {
                  "value": 0,
                  "type": "number"
                }
              },
              {
                "type": "get_attr",
                "value": "disk_encryption_key_raw"
              }
            ],
            [
              {
                "type": "get_attr",
                "value": "boot_disk"
              },
              {
                "type": "index",
                "value": {
                  "value": 0,
                  "type": "number"
                }
              },
              {
                "type": "get_attr",
                "value": "disk_encryption_key_rsa"
              }
            ]
          ],
          "identity_schema_version": 0,
          "private": "eyJlMmJmYjczMC1lY2FhLTExZTYtOGY4OC0zNDM2M2JjN2M0YzAiOnsiY3JlYXRlIjoxMjAwMDAwMDAwMDAwLCJkZWxldGUiOjEyMDAwMDAwMDAwMDAsInVwZGF0ZSI6MTIwMDAwMDAwMDAwMH0sInNjaGVtYV92ZXJzaW9uIjoiNiJ9",
          "dependencies": [
            "google_compute_address.cassandra_internal",
            "google_compute_network.default",
            "google_compute_subnetwork.default"
          ]
        }
      ]
    },
    {
      "mode": "managed",
      "type": "google_compute_network",
      "name": "default",
      "provider": "provider[\"registry.terraform.io/hashicorp/google\"]",
      "instances": [
        {
          "schema_version": 0,
          "attributes": {
            "auto_create_subnetworks": false,
            "bgp_always_compare_med": false,
            "bgp_best_path_selection_mode": "LEGACY",
            "bgp_inter_region_cost": "",
            "delete_bgp_always_compare_med": false,
            "delete_default_routes_on_create": false,
            "description": "",
            "enable_ula_internal_ipv6": false,
            "gateway_ipv4": "",
            "id": "projects/mybigdataproject-485818/global/networks/cassandra-network",
            "internal_ipv6_range": "",
            "mtu": 0,
            "name": "cassandra-network",
            "network_firewall_policy_enforcement_order": "AFTER_CLASSIC_FIREWALL",
            "network_id": "1931820453955267741",
            "network_profile": "",
            "numeric_id": "1931820453955267741",
            "params": [],
            "project": "mybigdataproject-485818",
            "routing_mode": "REGIONAL",
            "self_link": "https://www.googleapis.com/compute/v1/projects/mybigdataproject-485818/global/networks/cassandra-network",
            "timeouts": null
          },
          "sensitive_attributes": [],
          "identity_schema_version": 0,
          "private": "eyJlMmJmYjczMC1lY2FhLTExZTYtOGY4OC0zNDM2M2JjN2M0YzAiOnsiY3JlYXRlIjoxMjAwMDAwMDAwMDAwLCJkZWxldGUiOjEyMDAwMDAwMDAwMDAsInVwZGF0ZSI6MTIwMDAwMDAwMDAwMH19"
        }
      ]
    },
    {
      "mode": "managed",
      "type": "google_compute_subnetwork",
      "name": "default",
      "provider": "provider[\"registry.terraform.io/hashicorp/google\"]",
      "instances": [
        {
          "schema_version": 0,
          "attributes": {
            "creation_timestamp": "2026-01-29T13:35:06.914-08:00",
            "description": "",
            "external_ipv6_prefix": "",
            "fingerprint": null,
            "gateway_address": "10.0.0.1",
            "id": "projects/mybigdataproject-485818/regions/europe-north1/subnetworks/cassandra-subnetwork",
            "internal_ipv6_prefix": "",
            "ip_cidr_range": "10.0.0.0/24",
            "ip_collection": null,
            "ipv6_access_type": "",
            "ipv6_cidr_range": "",
            "ipv6_gce_endpoint": "",
            "log_config": [],
            "name": "cassandra-subnetwork",
            "network": "https://www.googleapis.com/compute/v1/projects/mybigdataproject-485818/global/networks/cassandra-network",
            "params": [],
            "private_ip_google_access": false,
            "private_ipv6_google_access": "DISABLE_GOOGLE_ACCESS",
            "project": "mybigdataproject-485818",
            "purpose": "PRIVATE",
            "region": "europe-north1",
            "reserved_internal_range": "",
            "role": "",
            "secondary_ip_range": [],
            "self_link": "https://www.googleapis.com/compute/v1/projects/mybigdataproject-485818/regions/europe-north1/subnetworks/cassandra-subnetwork",
            "send_secondary_ip_range_if_empty": null,
            "stack_type": "IPV4_ONLY",
            "state": "",
            "subnetwork_id": 5003846097896369253,
            "timeouts": null
          },
          "sensitive_attributes": [],
          "identity_schema_version": 0,
          "private": "eyJlMmJmYjczMC1lY2FhLTExZTYtOGY4OC0zNDM2M2JjN2M0YzAiOnsiY3JlYXRlIjoxMjAwMDAwMDAwMDAwLCJkZWxldGUiOjEyMDAwMDAwMDAwMDAsInVwZGF0ZSI6MTIwMDAwMDAwMDAwMH19",
          "dependencies": [
            "google_compute_network.default"
          ]
        }
      ]
    }
  ],
  "check_results": null
}
